// !$*UTF8*$!
{
	archiveVersion = 1;
	classes = {
	};
	objectVersion = 56;
	objects = {

/* Begin PBXBuildFile section */
		EE12B3852B03B78E00C5403C /* AuthViewModel.swift in Sources */ = {isa = PBXBuildFile; fileRef = EE12B3722B03B78E00C5403C /* AuthViewModel.swift */; };
		EE12B3862B03B78E00C5403C /* SignUpRequest.swift in Sources */ = {isa = PBXBuildFile; fileRef = EE12B3742B03B78E00C5403C /* SignUpRequest.swift */; };
		EE12B3872B03B78E00C5403C /* SignInRequest.swift in Sources */ = {isa = PBXBuildFile; fileRef = EE12B3752B03B78E00C5403C /* SignInRequest.swift */; };
		EE12B3882B03B78E00C5403C /* UserDeleteResponse.swift in Sources */ = {isa = PBXBuildFile; fileRef = EE12B3762B03B78E00C5403C /* UserDeleteResponse.swift */; };
		EE12B3892B03B78E00C5403C /* UserInfoResponse.swift in Sources */ = {isa = PBXBuildFile; fileRef = EE12B3772B03B78E00C5403C /* UserInfoResponse.swift */; };
		EE12B38A2B03B78E00C5403C /* AuthType.swift in Sources */ = {isa = PBXBuildFile; fileRef = EE12B3782B03B78E00C5403C /* AuthType.swift */; };
		EE12B38B2B03B78E00C5403C /* AuthResponse.swift in Sources */ = {isa = PBXBuildFile; fileRef = EE12B3792B03B78E00C5403C /* AuthResponse.swift */; };
		EE12B38C2B03B78E00C5403C /* RequestType.swift in Sources */ = {isa = PBXBuildFile; fileRef = EE12B37A2B03B78E00C5403C /* RequestType.swift */; };
		EE12B38D2B03B78E00C5403C /* LoadingButton.swift in Sources */ = {isa = PBXBuildFile; fileRef = EE12B37C2B03B78E00C5403C /* LoadingButton.swift */; };
		EE12B38E2B03B78E00C5403C /* PasswordField.swift in Sources */ = {isa = PBXBuildFile; fileRef = EE12B37D2B03B78E00C5403C /* PasswordField.swift */; };
		EE12B38F2B03B78E00C5403C /* SignInAction.swift in Sources */ = {isa = PBXBuildFile; fileRef = EE12B37F2B03B78E00C5403C /* SignInAction.swift */; };
		EE12B3902B03B78E00C5403C /* SignUpAction.swift in Sources */ = {isa = PBXBuildFile; fileRef = EE12B3802B03B78E00C5403C /* SignUpAction.swift */; };
		EE12B3932B03B78E00C5403C /* AuthView.swift in Sources */ = {isa = PBXBuildFile; fileRef = EE12B3842B03B78E00C5403C /* AuthView.swift */; };
		EE12B39F2B03B7E800C5403C /* ErrorResponse.swift in Sources */ = {isa = PBXBuildFile; fileRef = EE12B3972B03B7E800C5403C /* ErrorResponse.swift */; };
		EE12B3A02B03B7E800C5403C /* SuccessResponse.swift in Sources */ = {isa = PBXBuildFile; fileRef = EE12B3982B03B7E800C5403C /* SuccessResponse.swift */; };
		EE12B3A12B03B7E800C5403C /* RequestError.swift in Sources */ = {isa = PBXBuildFile; fileRef = EE12B3992B03B7E800C5403C /* RequestError.swift */; };
		EE12B3A92B03B7ED00C5403C /* GuideError.swift in Sources */ = {isa = PBXBuildFile; fileRef = EE12B3A72B03B7ED00C5403C /* GuideError.swift */; };
		EE12B3AA2B03B7ED00C5403C /* NetworkManager.swift in Sources */ = {isa = PBXBuildFile; fileRef = EE12B3A82B03B7ED00C5403C /* NetworkManager.swift */; };
		EE12B3AE2B03B90900C5403C /* Helpers.swift in Sources */ = {isa = PBXBuildFile; fileRef = EE12B3AC2B03B90900C5403C /* Helpers.swift */; };
		EE12B3AF2B03B90900C5403C /* Extensions.swift in Sources */ = {isa = PBXBuildFile; fileRef = EE12B3AD2B03B90900C5403C /* Extensions.swift */; };
		EE12B3B52B03CB6A00C5403C /* ParentView.swift in Sources */ = {isa = PBXBuildFile; fileRef = EE12B3B12B03CB6A00C5403C /* ParentView.swift */; };
		EE12B3B62B03CB6A00C5403C /* TabScreen.swift in Sources */ = {isa = PBXBuildFile; fileRef = EE12B3B22B03CB6A00C5403C /* TabScreen.swift */; };
		EE12B3B72B03CB6A00C5403C /* HeaderView.swift in Sources */ = {isa = PBXBuildFile; fileRef = EE12B3B32B03CB6A00C5403C /* HeaderView.swift */; };
		EE12B3B82B03CB6A00C5403C /* SplashScreen.swift in Sources */ = {isa = PBXBuildFile; fileRef = EE12B3B42B03CB6A00C5403C /* SplashScreen.swift */; };
		EE12B3BA2B03CC2700C5403C /* ProfileView.swift in Sources */ = {isa = PBXBuildFile; fileRef = EE12B3B92B03CC2700C5403C /* ProfileView.swift */; };
		EE12B3BE2B03D50600C5403C /* AchievementCard.swift in Sources */ = {isa = PBXBuildFile; fileRef = EE12B3BD2B03D50600C5403C /* AchievementCard.swift */; };
		EE12B3C72B03F08300C5403C /* LocationManager.swift in Sources */ = {isa = PBXBuildFile; fileRef = EE12B3C62B03F08300C5403C /* LocationManager.swift */; };
		EE12B3C92B04002C00C5403C /* Point.swift in Sources */ = {isa = PBXBuildFile; fileRef = EE12B3C82B04002C00C5403C /* Point.swift */; };
		EE12B3CD2B040A9E00C5403C /* GetPointsAction.swift in Sources */ = {isa = PBXBuildFile; fileRef = EE12B3CC2B040A9E00C5403C /* GetPointsAction.swift */; };
		EE12B3D42B0413D100C5403C /* AlertInfo.swift in Sources */ = {isa = PBXBuildFile; fileRef = EE12B3D32B0413D100C5403C /* AlertInfo.swift */; };
		EE9C35562B04BB400010EC3B /* MapView.swift in Sources */ = {isa = PBXBuildFile; fileRef = EE9C35552B04BB400010EC3B /* MapView.swift */; };
		EEBC73792B04C31700159943 /* MapViewRepresentable.swift in Sources */ = {isa = PBXBuildFile; fileRef = EEBC73782B04C31700159943 /* MapViewRepresentable.swift */; };
		EEC57DC32B05201600682677 /* CameraView.swift in Sources */ = {isa = PBXBuildFile; fileRef = EEC57DC22B05201600682677 /* CameraView.swift */; };
		EEC57DC82B05209600682677 /* Alamofire in Frameworks */ = {isa = PBXBuildFile; productRef = EEC57DC72B05209600682677 /* Alamofire */; };
		EEC57DCC2B0525D500682677 /* PhotoSenderView.swift in Sources */ = {isa = PBXBuildFile; fileRef = EEC57DCB2B0525D500682677 /* PhotoSenderView.swift */; };
		EEC57DCE2B053E0500682677 /* ActionButtonStyle.swift in Sources */ = {isa = PBXBuildFile; fileRef = EEC57DCD2B053E0500682677 /* ActionButtonStyle.swift */; };
		EEC57DD02B05466700682677 /* UploadResponse.swift in Sources */ = {isa = PBXBuildFile; fileRef = EEC57DCF2B05466600682677 /* UploadResponse.swift */; };
		EEDDC4092B03A47300C4BC0C /* SmartWasteApp.swift in Sources */ = {isa = PBXBuildFile; fileRef = EEDDC4082B03A47300C4BC0C /* SmartWasteApp.swift */; };
		EEDDC40D2B03A47500C4BC0C /* Assets.xcassets in Resources */ = {isa = PBXBuildFile; fileRef = EEDDC40C2B03A47500C4BC0C /* Assets.xcassets */; };
		EEDDC4102B03A47500C4BC0C /* Preview Assets.xcassets in Resources */ = {isa = PBXBuildFile; fileRef = EEDDC40F2B03A47500C4BC0C /* Preview Assets.xcassets */; };
/* End PBXBuildFile section */

/* Begin PBXFileReference section */
		EE12B3722B03B78E00C5403C /* AuthViewModel.swift */ = {isa = PBXFileReference; fileEncoding = 4; lastKnownFileType = sourcecode.swift; path = AuthViewModel.swift; sourceTree = "<group>"; };
		EE12B3742B03B78E00C5403C /* SignUpRequest.swift */ = {isa = PBXFileReference; fileEncoding = 4; lastKnownFileType = sourcecode.swift; path = SignUpRequest.swift; sourceTree = "<group>"; };
		EE12B3752B03B78E00C5403C /* SignInRequest.swift */ = {isa = PBXFileReference; fileEncoding = 4; lastKnownFileType = sourcecode.swift; path = SignInRequest.swift; sourceTree = "<group>"; };
		EE12B3762B03B78E00C5403C /* UserDeleteResponse.swift */ = {isa = PBXFileReference; fileEncoding = 4; lastKnownFileType = sourcecode.swift; path = UserDeleteResponse.swift; sourceTree = "<group>"; };
		EE12B3772B03B78E00C5403C /* UserInfoResponse.swift */ = {isa = PBXFileReference; fileEncoding = 4; lastKnownFileType = sourcecode.swift; path = UserInfoResponse.swift; sourceTree = "<group>"; };
		EE12B3782B03B78E00C5403C /* AuthType.swift */ = {isa = PBXFileReference; fileEncoding = 4; lastKnownFileType = sourcecode.swift; path = AuthType.swift; sourceTree = "<group>"; };
		EE12B3792B03B78E00C5403C /* AuthResponse.swift */ = {isa = PBXFileReference; fileEncoding = 4; lastKnownFileType = sourcecode.swift; path = AuthResponse.swift; sourceTree = "<group>"; };
		EE12B37A2B03B78E00C5403C /* RequestType.swift */ = {isa = PBXFileReference; fileEncoding = 4; lastKnownFileType = sourcecode.swift; path = RequestType.swift; sourceTree = "<group>"; };
		EE12B37C2B03B78E00C5403C /* LoadingButton.swift */ = {isa = PBXFileReference; fileEncoding = 4; lastKnownFileType = sourcecode.swift; path = LoadingButton.swift; sourceTree = "<group>"; };
		EE12B37D2B03B78E00C5403C /* PasswordField.swift */ = {isa = PBXFileReference; fileEncoding = 4; lastKnownFileType = sourcecode.swift; path = PasswordField.swift; sourceTree = "<group>"; };
		EE12B37F2B03B78E00C5403C /* SignInAction.swift */ = {isa = PBXFileReference; fileEncoding = 4; lastKnownFileType = sourcecode.swift; path = SignInAction.swift; sourceTree = "<group>"; };
		EE12B3802B03B78E00C5403C /* SignUpAction.swift */ = {isa = PBXFileReference; fileEncoding = 4; lastKnownFileType = sourcecode.swift; path = SignUpAction.swift; sourceTree = "<group>"; };
		EE12B3842B03B78E00C5403C /* AuthView.swift */ = {isa = PBXFileReference; fileEncoding = 4; lastKnownFileType = sourcecode.swift; path = AuthView.swift; sourceTree = "<group>"; };
		EE12B3972B03B7E800C5403C /* ErrorResponse.swift */ = {isa = PBXFileReference; fileEncoding = 4; lastKnownFileType = sourcecode.swift; path = ErrorResponse.swift; sourceTree = "<group>"; };
		EE12B3982B03B7E800C5403C /* SuccessResponse.swift */ = {isa = PBXFileReference; fileEncoding = 4; lastKnownFileType = sourcecode.swift; path = SuccessResponse.swift; sourceTree = "<group>"; };
		EE12B3992B03B7E800C5403C /* RequestError.swift */ = {isa = PBXFileReference; fileEncoding = 4; lastKnownFileType = sourcecode.swift; path = RequestError.swift; sourceTree = "<group>"; };
		EE12B3A72B03B7ED00C5403C /* GuideError.swift */ = {isa = PBXFileReference; fileEncoding = 4; lastKnownFileType = sourcecode.swift; path = GuideError.swift; sourceTree = "<group>"; };
		EE12B3A82B03B7ED00C5403C /* NetworkManager.swift */ = {isa = PBXFileReference; fileEncoding = 4; lastKnownFileType = sourcecode.swift; path = NetworkManager.swift; sourceTree = "<group>"; };
		EE12B3AC2B03B90900C5403C /* Helpers.swift */ = {isa = PBXFileReference; fileEncoding = 4; lastKnownFileType = sourcecode.swift; path = Helpers.swift; sourceTree = "<group>"; };
		EE12B3AD2B03B90900C5403C /* Extensions.swift */ = {isa = PBXFileReference; fileEncoding = 4; lastKnownFileType = sourcecode.swift; path = Extensions.swift; sourceTree = "<group>"; };
		EE12B3B12B03CB6A00C5403C /* ParentView.swift */ = {isa = PBXFileReference; fileEncoding = 4; lastKnownFileType = sourcecode.swift; path = ParentView.swift; sourceTree = "<group>"; };
		EE12B3B22B03CB6A00C5403C /* TabScreen.swift */ = {isa = PBXFileReference; fileEncoding = 4; lastKnownFileType = sourcecode.swift; path = TabScreen.swift; sourceTree = "<group>"; };
		EE12B3B32B03CB6A00C5403C /* HeaderView.swift */ = {isa = PBXFileReference; fileEncoding = 4; lastKnownFileType = sourcecode.swift; path = HeaderView.swift; sourceTree = "<group>"; };
		EE12B3B42B03CB6A00C5403C /* SplashScreen.swift */ = {isa = PBXFileReference; fileEncoding = 4; lastKnownFileType = sourcecode.swift; path = SplashScreen.swift; sourceTree = "<group>"; };
		EE12B3B92B03CC2700C5403C /* ProfileView.swift */ = {isa = PBXFileReference; lastKnownFileType = sourcecode.swift; path = ProfileView.swift; sourceTree = "<group>"; };
		EE12B3BD2B03D50600C5403C /* AchievementCard.swift */ = {isa = PBXFileReference; lastKnownFileType = sourcecode.swift; path = AchievementCard.swift; sourceTree = "<group>"; };
		EE12B3C52B03EFF800C5403C /* Info.plist */ = {isa = PBXFileReference; lastKnownFileType = text.plist; path = Info.plist; sourceTree = "<group>"; };
		EE12B3C62B03F08300C5403C /* LocationManager.swift */ = {isa = PBXFileReference; lastKnownFileType = sourcecode.swift; path = LocationManager.swift; sourceTree = "<group>"; };
		EE12B3C82B04002C00C5403C /* Point.swift */ = {isa = PBXFileReference; lastKnownFileType = sourcecode.swift; path = Point.swift; sourceTree = "<group>"; };
		EE12B3CC2B040A9E00C5403C /* GetPointsAction.swift */ = {isa = PBXFileReference; lastKnownFileType = sourcecode.swift; path = GetPointsAction.swift; sourceTree = "<group>"; };
		EE12B3D32B0413D100C5403C /* AlertInfo.swift */ = {isa = PBXFileReference; lastKnownFileType = sourcecode.swift; path = AlertInfo.swift; sourceTree = "<group>"; };
		EE9C35552B04BB400010EC3B /* MapView.swift */ = {isa = PBXFileReference; fileEncoding = 4; lastKnownFileType = sourcecode.swift; path = MapView.swift; sourceTree = "<group>"; };
		EEBC73782B04C31700159943 /* MapViewRepresentable.swift */ = {isa = PBXFileReference; lastKnownFileType = sourcecode.swift; path = MapViewRepresentable.swift; sourceTree = "<group>"; };
		EEC57DC22B05201600682677 /* CameraView.swift */ = {isa = PBXFileReference; lastKnownFileType = sourcecode.swift; path = CameraView.swift; sourceTree = "<group>"; };
		EEC57DCB2B0525D500682677 /* PhotoSenderView.swift */ = {isa = PBXFileReference; lastKnownFileType = sourcecode.swift; path = PhotoSenderView.swift; sourceTree = "<group>"; };
		EEC57DCD2B053E0500682677 /* ActionButtonStyle.swift */ = {isa = PBXFileReference; lastKnownFileType = sourcecode.swift; path = ActionButtonStyle.swift; sourceTree = "<group>"; };
		EEC57DCF2B05466600682677 /* UploadResponse.swift */ = {isa = PBXFileReference; lastKnownFileType = sourcecode.swift; path = UploadResponse.swift; sourceTree = "<group>"; };
		EEDDC4052B03A47300C4BC0C /* SmartWaste.app */ = {isa = PBXFileReference; explicitFileType = wrapper.application; includeInIndex = 0; path = SmartWaste.app; sourceTree = BUILT_PRODUCTS_DIR; };
		EEDDC4082B03A47300C4BC0C /* SmartWasteApp.swift */ = {isa = PBXFileReference; lastKnownFileType = sourcecode.swift; path = SmartWasteApp.swift; sourceTree = "<group>"; };
		EEDDC40C2B03A47500C4BC0C /* Assets.xcassets */ = {isa = PBXFileReference; lastKnownFileType = folder.assetcatalog; path = Assets.xcassets; sourceTree = "<group>"; };
		EEDDC40F2B03A47500C4BC0C /* Preview Assets.xcassets */ = {isa = PBXFileReference; lastKnownFileType = folder.assetcatalog; path = "Preview Assets.xcassets"; sourceTree = "<group>"; };
/* End PBXFileReference section */

/* Begin PBXFrameworksBuildPhase section */
		EEDDC4022B03A47300C4BC0C /* Frameworks */ = {
			isa = PBXFrameworksBuildPhase;
			buildActionMask = 2147483647;
			files = (
				EEC57DC82B05209600682677 /* Alamofire in Frameworks */,
			);
			runOnlyForDeploymentPostprocessing = 0;
		};
/* End PBXFrameworksBuildPhase section */

/* Begin PBXGroup section */
		EE12B3702B03B78E00C5403C /* Auth */ = {
			isa = PBXGroup;
			children = (
				EE12B37E2B03B78E00C5403C /* Actions */,
				EE12B3732B03B78E00C5403C /* Models */,
				EE12B3712B03B78E00C5403C /* ViewModels */,
				EE12B3832B03B78E00C5403C /* Views */,
			);
			path = Auth;
			sourceTree = "<group>";
		};
		EE12B3712B03B78E00C5403C /* ViewModels */ = {
			isa = PBXGroup;
			children = (
				EE12B3722B03B78E00C5403C /* AuthViewModel.swift */,
			);
			path = ViewModels;
			sourceTree = "<group>";
		};
		EE12B3732B03B78E00C5403C /* Models */ = {
			isa = PBXGroup;
			children = (
				EE12B3742B03B78E00C5403C /* SignUpRequest.swift */,
				EE12B3752B03B78E00C5403C /* SignInRequest.swift */,
				EE12B3782B03B78E00C5403C /* AuthType.swift */,
				EE12B3792B03B78E00C5403C /* AuthResponse.swift */,
			);
			path = Models;
			sourceTree = "<group>";
		};
		EE12B37B2B03B78E00C5403C /* Components */ = {
			isa = PBXGroup;
			children = (
				EE12B37C2B03B78E00C5403C /* LoadingButton.swift */,
				EE12B37D2B03B78E00C5403C /* PasswordField.swift */,
			);
			path = Components;
			sourceTree = "<group>";
		};
		EE12B37E2B03B78E00C5403C /* Actions */ = {
			isa = PBXGroup;
			children = (
				EE12B37F2B03B78E00C5403C /* SignInAction.swift */,
				EE12B3802B03B78E00C5403C /* SignUpAction.swift */,
			);
			path = Actions;
			sourceTree = "<group>";
		};
		EE12B3832B03B78E00C5403C /* Views */ = {
			isa = PBXGroup;
			children = (
				EE12B37B2B03B78E00C5403C /* Components */,
				EE12B3842B03B78E00C5403C /* AuthView.swift */,
			);
			path = Views;
			sourceTree = "<group>";
		};
		EE12B3942B03B79900C5403C /* Features */ = {
			isa = PBXGroup;
			children = (
				EE12B3A62B03B7ED00C5403C /* API */,
				EE12B3702B03B78E00C5403C /* Auth */,
				EE12B3952B03B7E800C5403C /* Common */,
				EE12B3C32B03D55900C5403C /* Map */,
				EE12B3BC2B03CC3000C5403C /* Profile */,
				EEC57DC52B05201E00682677 /* Camera */,
			);
			path = Features;
			sourceTree = "<group>";
		};
		EE12B3952B03B7E800C5403C /* Common */ = {
			isa = PBXGroup;
			children = (
				EE12B3962B03B7E800C5403C /* Models */,
				EE12B3B02B03CB6A00C5403C /* Views */,
			);
			path = Common;
			sourceTree = "<group>";
		};
		EE12B3962B03B7E800C5403C /* Models */ = {
			isa = PBXGroup;
			children = (
				EE12B3972B03B7E800C5403C /* ErrorResponse.swift */,
				EE12B3D32B0413D100C5403C /* AlertInfo.swift */,
				EE12B3982B03B7E800C5403C /* SuccessResponse.swift */,
				EE12B3992B03B7E800C5403C /* RequestError.swift */,
				EE12B37A2B03B78E00C5403C /* RequestType.swift */,
				EE12B3762B03B78E00C5403C /* UserDeleteResponse.swift */,
				EE12B3772B03B78E00C5403C /* UserInfoResponse.swift */,
			);
			path = Models;
			sourceTree = "<group>";
		};
		EE12B3A62B03B7ED00C5403C /* API */ = {
			isa = PBXGroup;
			children = (
				EE12B3A72B03B7ED00C5403C /* GuideError.swift */,
				EE12B3A82B03B7ED00C5403C /* NetworkManager.swift */,
			);
			path = API;
			sourceTree = "<group>";
		};
		EE12B3AB2B03B90900C5403C /* Utilities */ = {
			isa = PBXGroup;
			children = (
				EE12B3AC2B03B90900C5403C /* Helpers.swift */,
				EE12B3AD2B03B90900C5403C /* Extensions.swift */,
			);
			path = Utilities;
			sourceTree = "<group>";
		};
		EE12B3B02B03CB6A00C5403C /* Views */ = {
			isa = PBXGroup;
			children = (
				EE12B3B12B03CB6A00C5403C /* ParentView.swift */,
				EE12B3B22B03CB6A00C5403C /* TabScreen.swift */,
				EE12B3B32B03CB6A00C5403C /* HeaderView.swift */,
				EE12B3B42B03CB6A00C5403C /* SplashScreen.swift */,
			);
			path = Views;
			sourceTree = "<group>";
		};
		EE12B3BB2B03CC2B00C5403C /* Views */ = {
			isa = PBXGroup;
			children = (
				EE12B3BF2B03D51300C5403C /* Components */,
				EE12B3B92B03CC2700C5403C /* ProfileView.swift */,
			);
			path = Views;
			sourceTree = "<group>";
		};
		EE12B3BC2B03CC3000C5403C /* Profile */ = {
			isa = PBXGroup;
			children = (
				EE12B3BB2B03CC2B00C5403C /* Views */,
			);
			path = Profile;
			sourceTree = "<group>";
		};
		EE12B3BF2B03D51300C5403C /* Components */ = {
			isa = PBXGroup;
			children = (
				EE12B3BD2B03D50600C5403C /* AchievementCard.swift */,
			);
			path = Components;
			sourceTree = "<group>";
		};
		EE12B3C22B03D55500C5403C /* Views */ = {
			isa = PBXGroup;
			children = (
				EE9C35552B04BB400010EC3B /* MapView.swift */,
				EEBC73782B04C31700159943 /* MapViewRepresentable.swift */,
			);
			path = Views;
			sourceTree = "<group>";
		};
		EE12B3C32B03D55900C5403C /* Map */ = {
			isa = PBXGroup;
			children = (
				EE12B3CE2B040AA200C5403C /* Actions */,
				EE12B3CB2B040A8500C5403C /* CoreLocation */,
				EE12B3CA2B04003100C5403C /* Models */,
				EE12B3D22B040BCC00C5403C /* ViewModels */,
				EE12B3C22B03D55500C5403C /* Views */,
			);
			path = Map;
			sourceTree = "<group>";
		};
		EE12B3CA2B04003100C5403C /* Models */ = {
			isa = PBXGroup;
			children = (
				EE12B3C82B04002C00C5403C /* Point.swift */,
			);
			path = Models;
			sourceTree = "<group>";
		};
		EE12B3CB2B040A8500C5403C /* CoreLocation */ = {
			isa = PBXGroup;
			children = (
				EE12B3C62B03F08300C5403C /* LocationManager.swift */,
			);
			path = CoreLocation;
			sourceTree = "<group>";
		};
		EE12B3CE2B040AA200C5403C /* Actions */ = {
			isa = PBXGroup;
			children = (
				EE12B3CC2B040A9E00C5403C /* GetPointsAction.swift */,
			);
			path = Actions;
			sourceTree = "<group>";
		};
		EE12B3D22B040BCC00C5403C /* ViewModels */ = {
			isa = PBXGroup;
			children = (
			);
			path = ViewModels;
			sourceTree = "<group>";
		};
		EEC57DC42B05201900682677 /* Views */ = {
			isa = PBXGroup;
			children = (
				EEC57DCD2B053E0500682677 /* ActionButtonStyle.swift */,
				EEC57DC22B05201600682677 /* CameraView.swift */,
				EEC57DCF2B05466600682677 /* UploadResponse.swift */,
				EEC57DCB2B0525D500682677 /* PhotoSenderView.swift */,
			);
			path = Views;
			sourceTree = "<group>";
		};
		EEC57DC52B05201E00682677 /* Camera */ = {
			isa = PBXGroup;
			children = (
				EEC57DC42B05201900682677 /* Views */,
			);
			path = Camera;
			sourceTree = "<group>";
		};
		EEDDC3FC2B03A47300C4BC0C = {
			isa = PBXGroup;
			children = (
				EEDDC4072B03A47300C4BC0C /* SmartWaste */,
				EEDDC4062B03A47300C4BC0C /* Products */,
			);
			sourceTree = "<group>";
		};
		EEDDC4062B03A47300C4BC0C /* Products */ = {
			isa = PBXGroup;
			children = (
				EEDDC4052B03A47300C4BC0C /* SmartWaste.app */,
			);
			name = Products;
			sourceTree = "<group>";
		};
		EEDDC4072B03A47300C4BC0C /* SmartWaste */ = {
			isa = PBXGroup;
			children = (
				EE12B3C52B03EFF800C5403C /* Info.plist */,
				EEDDC4162B03A4C000C4BC0C /* App */,
				EE12B3942B03B79900C5403C /* Features */,
				EE12B3AB2B03B90900C5403C /* Utilities */,
			);
			path = SmartWaste;
			sourceTree = "<group>";
		};
		EEDDC40E2B03A47500C4BC0C /* Preview Content */ = {
			isa = PBXGroup;
			children = (
				EEDDC40F2B03A47500C4BC0C /* Preview Assets.xcassets */,
			);
			path = "Preview Content";
			sourceTree = "<group>";
		};
		EEDDC4162B03A4C000C4BC0C /* App */ = {
			isa = PBXGroup;
			children = (
				EEDDC40E2B03A47500C4BC0C /* Preview Content */,
				EEDDC40C2B03A47500C4BC0C /* Assets.xcassets */,
				EEDDC4082B03A47300C4BC0C /* SmartWasteApp.swift */,
			);
			path = App;
			sourceTree = "<group>";
		};
/* End PBXGroup section */

/* Begin PBXNativeTarget section */
		EEDDC4042B03A47300C4BC0C /* SmartWaste */ = {
			isa = PBXNativeTarget;
			buildConfigurationList = EEDDC4132B03A47500C4BC0C /* Build configuration list for PBXNativeTarget "SmartWaste" */;
			buildPhases = (
				EEDDC4012B03A47300C4BC0C /* Sources */,
				EEDDC4022B03A47300C4BC0C /* Frameworks */,
				EEDDC4032B03A47300C4BC0C /* Resources */,
			);
			buildRules = (
			);
			dependencies = (
			);
			name = SmartWaste;
			packageProductDependencies = (
				EEC57DC72B05209600682677 /* Alamofire */,
			);
			productName = SmartWaste;
			productReference = EEDDC4052B03A47300C4BC0C /* SmartWaste.app */;
			productType = "com.apple.product-type.application";
		};
/* End PBXNativeTarget section */

/* Begin PBXProject section */
		EEDDC3FD2B03A47300C4BC0C /* Project object */ = {
			isa = PBXProject;
			attributes = {
				BuildIndependentTargetsInParallel = 1;
				LastSwiftUpdateCheck = 1500;
				LastUpgradeCheck = 1500;
				TargetAttributes = {
					EEDDC4042B03A47300C4BC0C = {
						CreatedOnToolsVersion = 15.0.1;
					};
				};
			};
			buildConfigurationList = EEDDC4002B03A47300C4BC0C /* Build configuration list for PBXProject "SmartWaste" */;
			compatibilityVersion = "Xcode 14.0";
			developmentRegion = en;
			hasScannedForEncodings = 0;
			knownRegions = (
				en,
				Base,
			);
			mainGroup = EEDDC3FC2B03A47300C4BC0C;
			packageReferences = (
				EEC57DC62B05209600682677 /* XCRemoteSwiftPackageReference "Alamofire" */,
			);
			productRefGroup = EEDDC4062B03A47300C4BC0C /* Products */;
			projectDirPath = "";
			projectRoot = "";
			targets = (
				EEDDC4042B03A47300C4BC0C /* SmartWaste */,
			);
		};
/* End PBXProject section */

/* Begin PBXResourcesBuildPhase section */
		EEDDC4032B03A47300C4BC0C /* Resources */ = {
			isa = PBXResourcesBuildPhase;
			buildActionMask = 2147483647;
			files = (
				EEDDC4102B03A47500C4BC0C /* Preview Assets.xcassets in Resources */,
				EEDDC40D2B03A47500C4BC0C /* Assets.xcassets in Resources */,
			);
			runOnlyForDeploymentPostprocessing = 0;
		};
/* End PBXResourcesBuildPhase section */

/* Begin PBXSourcesBuildPhase section */
		EEDDC4012B03A47300C4BC0C /* Sources */ = {
			isa = PBXSourcesBuildPhase;
			buildActionMask = 2147483647;
			files = (
				EE12B3852B03B78E00C5403C /* AuthViewModel.swift in Sources */,
				EE12B3BE2B03D50600C5403C /* AchievementCard.swift in Sources */,
				EE12B3AF2B03B90900C5403C /* Extensions.swift in Sources */,
				EEC57DCC2B0525D500682677 /* PhotoSenderView.swift in Sources */,
				EEDDC4092B03A47300C4BC0C /* SmartWasteApp.swift in Sources */,
				EE12B3882B03B78E00C5403C /* UserDeleteResponse.swift in Sources */,
				EE12B3D42B0413D100C5403C /* AlertInfo.swift in Sources */,
				EEBC73792B04C31700159943 /* MapViewRepresentable.swift in Sources */,
				EE12B38A2B03B78E00C5403C /* AuthType.swift in Sources */,
				EE9C35562B04BB400010EC3B /* MapView.swift in Sources */,
				EE12B3C72B03F08300C5403C /* LocationManager.swift in Sources */,
				EE12B3892B03B78E00C5403C /* UserInfoResponse.swift in Sources */,
				EE12B3862B03B78E00C5403C /* SignUpRequest.swift in Sources */,
				EE12B3B72B03CB6A00C5403C /* HeaderView.swift in Sources */,
				EE12B3932B03B78E00C5403C /* AuthView.swift in Sources */,
				EE12B3B52B03CB6A00C5403C /* ParentView.swift in Sources */,
				EEC57DD02B05466700682677 /* UploadResponse.swift in Sources */,
				EE12B39F2B03B7E800C5403C /* ErrorResponse.swift in Sources */,
				EE12B3A92B03B7ED00C5403C /* GuideError.swift in Sources */,
				EE12B38E2B03B78E00C5403C /* PasswordField.swift in Sources */,
				EE12B3A02B03B7E800C5403C /* SuccessResponse.swift in Sources */,
				EE12B3BA2B03CC2700C5403C /* ProfileView.swift in Sources */,
				EE12B38F2B03B78E00C5403C /* SignInAction.swift in Sources */,
				EE12B38D2B03B78E00C5403C /* LoadingButton.swift in Sources */,
				EE12B3A12B03B7E800C5403C /* RequestError.swift in Sources */,
				EE12B3902B03B78E00C5403C /* SignUpAction.swift in Sources */,
				EE12B38B2B03B78E00C5403C /* AuthResponse.swift in Sources */,
				EE12B3B62B03CB6A00C5403C /* TabScreen.swift in Sources */,
				EE12B3B82B03CB6A00C5403C /* SplashScreen.swift in Sources */,
				EE12B3AA2B03B7ED00C5403C /* NetworkManager.swift in Sources */,
				EE12B3CD2B040A9E00C5403C /* GetPointsAction.swift in Sources */,
				EEC57DC32B05201600682677 /* CameraView.swift in Sources */,
				EE12B3C92B04002C00C5403C /* Point.swift in Sources */,
				EE12B3AE2B03B90900C5403C /* Helpers.swift in Sources */,
				EEC57DCE2B053E0500682677 /* ActionButtonStyle.swift in Sources */,
				EE12B3872B03B78E00C5403C /* SignInRequest.swift in Sources */,
				EE12B38C2B03B78E00C5403C /* RequestType.swift in Sources */,
			);
			runOnlyForDeploymentPostprocessing = 0;
		};
/* End PBXSourcesBuildPhase section */

/* Begin XCBuildConfiguration section */
		EEDDC4112B03A47500C4BC0C /* Debug */ = {
			isa = XCBuildConfiguration;
			buildSettings = {
				ALWAYS_SEARCH_USER_PATHS = NO;
				ASSETCATALOG_COMPILER_GENERATE_SWIFT_ASSET_SYMBOL_EXTENSIONS = YES;
				CLANG_ANALYZER_NONNULL = YES;
				CLANG_ANALYZER_NUMBER_OBJECT_CONVERSION = YES_AGGRESSIVE;
				CLANG_CXX_LANGUAGE_STANDARD = "gnu++20";
				CLANG_ENABLE_MODULES = YES;
				CLANG_ENABLE_OBJC_ARC = YES;
				CLANG_ENABLE_OBJC_WEAK = YES;
				CLANG_WARN_BLOCK_CAPTURE_AUTORELEASING = YES;
				CLANG_WARN_BOOL_CONVERSION = YES;
				CLANG_WARN_COMMA = YES;
				CLANG_WARN_CONSTANT_CONVERSION = YES;
				CLANG_WARN_DEPRECATED_OBJC_IMPLEMENTATIONS = YES;
				CLANG_WARN_DIRECT_OBJC_ISA_USAGE = YES_ERROR;
				CLANG_WARN_DOCUMENTATION_COMMENTS = YES;
				CLANG_WARN_EMPTY_BODY = YES;
				CLANG_WARN_ENUM_CONVERSION = YES;
				CLANG_WARN_INFINITE_RECURSION = YES;
				CLANG_WARN_INT_CONVERSION = YES;
				CLANG_WARN_NON_LITERAL_NULL_CONVERSION = YES;
				CLANG_WARN_OBJC_IMPLICIT_RETAIN_SELF = YES;
				CLANG_WARN_OBJC_LITERAL_CONVERSION = YES;
				CLANG_WARN_OBJC_ROOT_CLASS = YES_ERROR;
				CLANG_WARN_QUOTED_INCLUDE_IN_FRAMEWORK_HEADER = YES;
				CLANG_WARN_RANGE_LOOP_ANALYSIS = YES;
				CLANG_WARN_STRICT_PROTOTYPES = YES;
				CLANG_WARN_SUSPICIOUS_MOVE = YES;
				CLANG_WARN_UNGUARDED_AVAILABILITY = YES_AGGRESSIVE;
				CLANG_WARN_UNREACHABLE_CODE = YES;
				CLANG_WARN__DUPLICATE_METHOD_MATCH = YES;
				COPY_PHASE_STRIP = NO;
				DEBUG_INFORMATION_FORMAT = dwarf;
				ENABLE_STRICT_OBJC_MSGSEND = YES;
				ENABLE_TESTABILITY = YES;
				ENABLE_USER_SCRIPT_SANDBOXING = YES;
				GCC_C_LANGUAGE_STANDARD = gnu17;
				GCC_DYNAMIC_NO_PIC = NO;
				GCC_NO_COMMON_BLOCKS = YES;
				GCC_OPTIMIZATION_LEVEL = 0;
				GCC_PREPROCESSOR_DEFINITIONS = (
					"DEBUG=1",
					"$(inherited)",
				);
				GCC_WARN_64_TO_32_BIT_CONVERSION = YES;
				GCC_WARN_ABOUT_RETURN_TYPE = YES_ERROR;
				GCC_WARN_UNDECLARED_SELECTOR = YES;
				GCC_WARN_UNINITIALIZED_AUTOS = YES_AGGRESSIVE;
				GCC_WARN_UNUSED_FUNCTION = YES;
				GCC_WARN_UNUSED_VARIABLE = YES;
				IPHONEOS_DEPLOYMENT_TARGET = 17.0;
				LOCALIZATION_PREFERS_STRING_CATALOGS = YES;
				MTL_ENABLE_DEBUG_INFO = INCLUDE_SOURCE;
				MTL_FAST_MATH = YES;
				ONLY_ACTIVE_ARCH = YES;
				SDKROOT = iphoneos;
				SWIFT_ACTIVE_COMPILATION_CONDITIONS = "DEBUG $(inherited)";
				SWIFT_OPTIMIZATION_LEVEL = "-Onone";
			};
			name = Debug;
		};
		EEDDC4122B03A47500C4BC0C /* Release */ = {
			isa = XCBuildConfiguration;
			buildSettings = {
				ALWAYS_SEARCH_USER_PATHS = NO;
				ASSETCATALOG_COMPILER_GENERATE_SWIFT_ASSET_SYMBOL_EXTENSIONS = YES;
				CLANG_ANALYZER_NONNULL = YES;
				CLANG_ANALYZER_NUMBER_OBJECT_CONVERSION = YES_AGGRESSIVE;
				CLANG_CXX_LANGUAGE_STANDARD = "gnu++20";
				CLANG_ENABLE_MODULES = YES;
				CLANG_ENABLE_OBJC_ARC = YES;
				CLANG_ENABLE_OBJC_WEAK = YES;
				CLANG_WARN_BLOCK_CAPTURE_AUTORELEASING = YES;
				CLANG_WARN_BOOL_CONVERSION = YES;
				CLANG_WARN_COMMA = YES;
				CLANG_WARN_CONSTANT_CONVERSION = YES;
				CLANG_WARN_DEPRECATED_OBJC_IMPLEMENTATIONS = YES;
				CLANG_WARN_DIRECT_OBJC_ISA_USAGE = YES_ERROR;
				CLANG_WARN_DOCUMENTATION_COMMENTS = YES;
				CLANG_WARN_EMPTY_BODY = YES;
				CLANG_WARN_ENUM_CONVERSION = YES;
				CLANG_WARN_INFINITE_RECURSION = YES;
				CLANG_WARN_INT_CONVERSION = YES;
				CLANG_WARN_NON_LITERAL_NULL_CONVERSION = YES;
				CLANG_WARN_OBJC_IMPLICIT_RETAIN_SELF = YES;
				CLANG_WARN_OBJC_LITERAL_CONVERSION = YES;
				CLANG_WARN_OBJC_ROOT_CLASS = YES_ERROR;
				CLANG_WARN_QUOTED_INCLUDE_IN_FRAMEWORK_HEADER = YES;
				CLANG_WARN_RANGE_LOOP_ANALYSIS = YES;
				CLANG_WARN_STRICT_PROTOTYPES = YES;
				CLANG_WARN_SUSPICIOUS_MOVE = YES;
				CLANG_WARN_UNGUARDED_AVAILABILITY = YES_AGGRESSIVE;
				CLANG_WARN_UNREACHABLE_CODE = YES;
				CLANG_WARN__DUPLICATE_METHOD_MATCH = YES;
				COPY_PHASE_STRIP = NO;
				DEBUG_INFORMATION_FORMAT = "dwarf-with-dsym";
				ENABLE_NS_ASSERTIONS = NO;
				ENABLE_STRICT_OBJC_MSGSEND = YES;
				ENABLE_USER_SCRIPT_SANDBOXING = YES;
				GCC_C_LANGUAGE_STANDARD = gnu17;
				GCC_NO_COMMON_BLOCKS = YES;
				GCC_WARN_64_TO_32_BIT_CONVERSION = YES;
				GCC_WARN_ABOUT_RETURN_TYPE = YES_ERROR;
				GCC_WARN_UNDECLARED_SELECTOR = YES;
				GCC_WARN_UNINITIALIZED_AUTOS = YES_AGGRESSIVE;
				GCC_WARN_UNUSED_FUNCTION = YES;
				GCC_WARN_UNUSED_VARIABLE = YES;
				IPHONEOS_DEPLOYMENT_TARGET = 17.0;
				LOCALIZATION_PREFERS_STRING_CATALOGS = YES;
				MTL_ENABLE_DEBUG_INFO = NO;
				MTL_FAST_MATH = YES;
				SDKROOT = iphoneos;
				SWIFT_COMPILATION_MODE = wholemodule;
				VALIDATE_PRODUCT = YES;
			};
			name = Release;
		};
		EEDDC4142B03A47500C4BC0C /* Debug */ = {
			isa = XCBuildConfiguration;
			buildSettings = {
				ASSETCATALOG_COMPILER_APPICON_NAME = AppIcon;
				ASSETCATALOG_COMPILER_GLOBAL_ACCENT_COLOR_NAME = AccentColor;
				CODE_SIGN_STYLE = Automatic;
				CURRENT_PROJECT_VERSION = 1;
				DEVELOPMENT_ASSET_PATHS = "\"SmartWaste/App/Preview Content\"";
				DEVELOPMENT_TEAM = T8N734ZH9D;
				ENABLE_PREVIEWS = YES;
				GENERATE_INFOPLIST_FILE = YES;
				INFOPLIST_FILE = SmartWaste/Info.plist;
				INFOPLIST_KEY_NSCameraUsageDescription = "Camera is needed for taking pictures.";
				INFOPLIST_KEY_NSLocationWhenInUseUsageDescription = "We want to sell your location history and profit";
				INFOPLIST_KEY_NSPhotoLibraryUsageDescription = "Access to Photo Library is needed for saving captured media.";
				INFOPLIST_KEY_UIApplicationSceneManifest_Generation = YES;
				INFOPLIST_KEY_UIApplicationSupportsIndirectInputEvents = YES;
				INFOPLIST_KEY_UILaunchScreen_Generation = YES;
				INFOPLIST_KEY_UISupportedInterfaceOrientations_iPad = "UIInterfaceOrientationPortrait UIInterfaceOrientationPortraitUpsideDown UIInterfaceOrientationLandscapeLeft UIInterfaceOrientationLandscapeRight";
				INFOPLIST_KEY_UISupportedInterfaceOrientations_iPhone = "UIInterfaceOrientationPortrait UIInterfaceOrientationLandscapeLeft UIInterfaceOrientationLandscapeRight";
				IPHONEOS_DEPLOYMENT_TARGET = 15.0;
				LD_RUNPATH_SEARCH_PATHS = (
					"$(inherited)",
					"@executable_path/Frameworks",
				);
				MARKETING_VERSION = 1.0;
				PRODUCT_BUNDLE_IDENTIFIER = com.yegorchik.SmartWaste;
				PRODUCT_NAME = "$(TARGET_NAME)";
				SWIFT_EMIT_LOC_STRINGS = YES;
				SWIFT_VERSION = 5.0;
				TARGETED_DEVICE_FAMILY = "1,2";
			};
			name = Debug;
		};
		EEDDC4152B03A47500C4BC0C /* Release */ = {
			isa = XCBuildConfiguration;
			buildSettings = {
				ASSETCATALOG_COMPILER_APPICON_NAME = AppIcon;
				ASSETCATALOG_COMPILER_GLOBAL_ACCENT_COLOR_NAME = AccentColor;
				CODE_SIGN_STYLE = Automatic;
				CURRENT_PROJECT_VERSION = 1;
				DEVELOPMENT_ASSET_PATHS = "\"SmartWaste/App/Preview Content\"";
				DEVELOPMENT_TEAM = T8N734ZH9D;
				ENABLE_PREVIEWS = YES;
				GENERATE_INFOPLIST_FILE = YES;
				INFOPLIST_FILE = SmartWaste/Info.plist;
				INFOPLIST_KEY_NSCameraUsageDescription = "Camera is needed for taking pictures.";
				INFOPLIST_KEY_NSLocationWhenInUseUsageDescription = "We want to sell your location history and profit";
				INFOPLIST_KEY_NSPhotoLibraryUsageDescription = "Access to Photo Library is needed for saving captured media.";
				INFOPLIST_KEY_UIApplicationSceneManifest_Generation = YES;
				INFOPLIST_KEY_UIApplicationSupportsIndirectInputEvents = YES;
				INFOPLIST_KEY_UILaunchScreen_Generation = YES;
				INFOPLIST_KEY_UISupportedInterfaceOrientations_iPad = "UIInterfaceOrientationPortrait UIInterfaceOrientationPortraitUpsideDown UIInterfaceOrientationLandscapeLeft UIInterfaceOrientationLandscapeRight";
				INFOPLIST_KEY_UISupportedInterfaceOrientations_iPhone = "UIInterfaceOrientationPortrait UIInterfaceOrientationLandscapeLeft UIInterfaceOrientationLandscapeRight";
				IPHONEOS_DEPLOYMENT_TARGET = 15.0;
				LD_RUNPATH_SEARCH_PATHS = (
					"$(inherited)",
					"@executable_path/Frameworks",
				);
				MARKETING_VERSION = 1.0;
				PRODUCT_BUNDLE_IDENTIFIER = com.yegorchik.SmartWaste;
				PRODUCT_NAME = "$(TARGET_NAME)";
				SWIFT_EMIT_LOC_STRINGS = YES;
				SWIFT_VERSION = 5.0;
				TARGETED_DEVICE_FAMILY = "1,2";
			};
			name = Release;
		};
/* End XCBuildConfiguration section */

/* Begin XCConfigurationList section */
		EEDDC4002B03A47300C4BC0C /* Build configuration list for PBXProject "SmartWaste" */ = {
			isa = XCConfigurationList;
			buildConfigurations = (
				EEDDC4112B03A47500C4BC0C /* Debug */,
				EEDDC4122B03A47500C4BC0C /* Release */,
			);
			defaultConfigurationIsVisible = 0;
			defaultConfigurationName = Release;
		};
		EEDDC4132B03A47500C4BC0C /* Build configuration list for PBXNativeTarget "SmartWaste" */ = {
			isa = XCConfigurationList;
			buildConfigurations = (
				EEDDC4142B03A47500C4BC0C /* Debug */,
				EEDDC4152B03A47500C4BC0C /* Release */,
			);
			defaultConfigurationIsVisible = 0;
			defaultConfigurationName = Release;
		};
/* End XCConfigurationList section */

/* Begin XCRemoteSwiftPackageReference section */
		EEC57DC62B05209600682677 /* XCRemoteSwiftPackageReference "Alamofire" */ = {
			isa = XCRemoteSwiftPackageReference;
			repositoryURL = "https://github.com/Alamofire/Alamofire.git";
			requirement = {
				kind = upToNextMajorVersion;
				minimumVersion = 5.8.1;
			};
		};
/* End XCRemoteSwiftPackageReference section */

/* Begin XCSwiftPackageProductDependency section */
		EEC57DC72B05209600682677 /* Alamofire */ = {
			isa = XCSwiftPackageProductDependency;
			package = EEC57DC62B05209600682677 /* XCRemoteSwiftPackageReference "Alamofire" */;
			productName = Alamofire;
		};
/* End XCSwiftPackageProductDependency section */
	};
	rootObject = EEDDC3FD2B03A47300C4BC0C /* Project object */;
}
