// !$*UTF8*$!
{
	archiveVersion = 1;
	classes = {
	};
	objectVersion = 56;
	objects = {

/* Begin PBXBuildFile section */
		EE0C21882AE861D700668357 /* SmartWasteApp.swift in Sources */ = {isa = PBXBuildFile; fileRef = EE0C21872AE861D700668357 /* SmartWasteApp.swift */; };
		EE0FF9CF2B21411F00D13CB6 /* CameraRepresentable.swift in Sources */ = {isa = PBXBuildFile; fileRef = EE0FF9CE2B21411F00D13CB6 /* CameraRepresentable.swift */; };
		EE13F5C22B18933C00B0A8CC /* ScaleButtonStyle.swift in Sources */ = {isa = PBXBuildFile; fileRef = EE13F5C12B18933C00B0A8CC /* ScaleButtonStyle.swift */; };
		EE140B192AFA5221001A4461 /* ProfileCoordinatorView.swift in Sources */ = {isa = PBXBuildFile; fileRef = EE140B172AFA5221001A4461 /* ProfileCoordinatorView.swift */; };
		EE140B1A2AFA5221001A4461 /* ProfileScreen.swift in Sources */ = {isa = PBXBuildFile; fileRef = EE140B182AFA5221001A4461 /* ProfileScreen.swift */; };
		EE2809542AF84F3400093049 /* TitleView.swift in Sources */ = {isa = PBXBuildFile; fileRef = EE2809532AF84F3400093049 /* TitleView.swift */; };
		EE2809562AF852E600093049 /* AuthType.swift in Sources */ = {isa = PBXBuildFile; fileRef = EE2809552AF852E600093049 /* AuthType.swift */; };
		EE2809582AF8534100093049 /* AuthTitle.swift in Sources */ = {isa = PBXBuildFile; fileRef = EE2809572AF8534100093049 /* AuthTitle.swift */; };
		EE28095A2AF856A600093049 /* AuthToggleButton.swift in Sources */ = {isa = PBXBuildFile; fileRef = EE2809592AF856A600093049 /* AuthToggleButton.swift */; };
		EE297A2F2B14A5AD006FC0C4 /* ProfileCoordinator.swift in Sources */ = {isa = PBXBuildFile; fileRef = EE297A2E2B14A5AD006FC0C4 /* ProfileCoordinator.swift */; };
		EE297A322B14A905006FC0C4 /* ProfileMain.swift in Sources */ = {isa = PBXBuildFile; fileRef = EE297A302B14A905006FC0C4 /* ProfileMain.swift */; };
		EE297A472B14D662006FC0C4 /* TabsFeature.swift in Sources */ = {isa = PBXBuildFile; fileRef = EE297A462B14D662006FC0C4 /* TabsFeature.swift */; };
		EE297A492B14D66C006FC0C4 /* TabsView.swift in Sources */ = {isa = PBXBuildFile; fileRef = EE297A482B14D66C006FC0C4 /* TabsView.swift */; };
		EE2FEF422B2869AF0038233E /* BucketItemView.swift in Sources */ = {isa = PBXBuildFile; fileRef = EE2FEF402B2869AF0038233E /* BucketItemView.swift */; };
		EE2FEF432B2869AF0038233E /* BucketItemFeature.swift in Sources */ = {isa = PBXBuildFile; fileRef = EE2FEF412B2869AF0038233E /* BucketItemFeature.swift */; };
		EE3097702B1F64F900B6CBFB /* BucketMain.swift in Sources */ = {isa = PBXBuildFile; fileRef = EE30976F2B1F64F900B6CBFB /* BucketMain.swift */; };
		EE30977A2B1F7E4700B6CBFB /* BucketClient.swift in Sources */ = {isa = PBXBuildFile; fileRef = EE3097792B1F7E4700B6CBFB /* BucketClient.swift */; };
		EE3097A62B20888C00B6CBFB /* BucketCategory.swift in Sources */ = {isa = PBXBuildFile; fileRef = EE3097A52B20888C00B6CBFB /* BucketCategory.swift */; };
		EE3097A82B20897700B6CBFB /* BucketOptions.swift in Sources */ = {isa = PBXBuildFile; fileRef = EE3097A72B20897700B6CBFB /* BucketOptions.swift */; };
		EE3097AA2B2113D000B6CBFB /* ProfileClient.swift in Sources */ = {isa = PBXBuildFile; fileRef = EE3097A92B2113D000B6CBFB /* ProfileClient.swift */; };
		EE36E6342B29C52400E3328C /* CameraView.swift in Sources */ = {isa = PBXBuildFile; fileRef = EE36E6322B29C52400E3328C /* CameraView.swift */; };
		EE36E6352B29C52400E3328C /* CameraFeature.swift in Sources */ = {isa = PBXBuildFile; fileRef = EE36E6332B29C52400E3328C /* CameraFeature.swift */; };
		EE3767F32B112A65007DFA25 /* RootCoordinator.swift in Sources */ = {isa = PBXBuildFile; fileRef = EE3767F22B112A65007DFA25 /* RootCoordinator.swift */; };
		EE3767F62B112AAA007DFA25 /* TCACoordinators in Frameworks */ = {isa = PBXBuildFile; productRef = EE3767F52B112AAA007DFA25 /* TCACoordinators */; };
		EE3767F92B112D48007DFA25 /* SplashView.swift in Sources */ = {isa = PBXBuildFile; fileRef = EE3767F72B112D48007DFA25 /* SplashView.swift */; };
		EE3767FA2B112D48007DFA25 /* SplashFeature.swift in Sources */ = {isa = PBXBuildFile; fileRef = EE3767F82B112D48007DFA25 /* SplashFeature.swift */; };
		EE40B6832B0FDD0A000C07BD /* SkeletonUI in Frameworks */ = {isa = PBXBuildFile; productRef = EE40B6822B0FDD0A000C07BD /* SkeletonUI */; };
		EE495A6C2B228EAF00E96082 /* ProgressResponse.swift in Sources */ = {isa = PBXBuildFile; fileRef = EE495A6B2B228EAF00E96082 /* ProgressResponse.swift */; };
		EE5677602B10AEDD00DDE4A0 /* Validation.swift in Sources */ = {isa = PBXBuildFile; fileRef = EE56775F2B10AEDD00DDE4A0 /* Validation.swift */; };
		EE5677642B10BDBF00DDE4A0 /* KeychainSwift in Frameworks */ = {isa = PBXBuildFile; productRef = EE5677632B10BDBF00DDE4A0 /* KeychainSwift */; };
		EE5677672B11090A00DDE4A0 /* AlertToast in Frameworks */ = {isa = PBXBuildFile; productRef = EE5677662B11090A00DDE4A0 /* AlertToast */; };
		EE56776A2B110A6B00DDE4A0 /* Reachability in Frameworks */ = {isa = PBXBuildFile; productRef = EE5677692B110A6B00DDE4A0 /* Reachability */; };
		EE5AE1A72AF9407E00381B33 /* ErrorTypes.swift in Sources */ = {isa = PBXBuildFile; fileRef = EE5AE1A62AF9407E00381B33 /* ErrorTypes.swift */; };
		EE68F4B92B278C880082EE56 /* Toggleable.swift in Sources */ = {isa = PBXBuildFile; fileRef = EE68F4B82B278C880082EE56 /* Toggleable.swift */; };
		EE68F4BD2B27CB640082EE56 /* AddView.swift in Sources */ = {isa = PBXBuildFile; fileRef = EE68F4BB2B27CB640082EE56 /* AddView.swift */; };
		EE68F4BE2B27CB640082EE56 /* AddFeature.swift in Sources */ = {isa = PBXBuildFile; fileRef = EE68F4BC2B27CB640082EE56 /* AddFeature.swift */; };
		EE68F4C22B27CC190082EE56 /* CounterView.swift in Sources */ = {isa = PBXBuildFile; fileRef = EE68F4C02B27CC190082EE56 /* CounterView.swift */; };
		EE68F4C32B27CC190082EE56 /* CounterFeature.swift in Sources */ = {isa = PBXBuildFile; fileRef = EE68F4C12B27CC190082EE56 /* CounterFeature.swift */; };
		EE70CBCB2B247677009A2F94 /* MapLink.swift in Sources */ = {isa = PBXBuildFile; fileRef = EE70CBCA2B247677009A2F94 /* MapLink.swift */; };
		EE7A34432AF530A700685408 /* CachedAsyncImage in Frameworks */ = {isa = PBXBuildFile; productRef = EE7A34422AF530A700685408 /* CachedAsyncImage */; };
		EE7F96E22B1571B50071A99F /* AuthClient.swift in Sources */ = {isa = PBXBuildFile; fileRef = EE7F96E12B1571B50071A99F /* AuthClient.swift */; };
		EE7F96E52B15E40B0071A99F /* KeychainClient.swift in Sources */ = {isa = PBXBuildFile; fileRef = EE7F96E42B15E40B0071A99F /* KeychainClient.swift */; };
		EE7F96E72B15ECC30071A99F /* MapClient.swift in Sources */ = {isa = PBXBuildFile; fileRef = EE7F96E62B15ECC30071A99F /* MapClient.swift */; };
		EE9C8E902B2887B3009FC890 /* AnnotationView.swift in Sources */ = {isa = PBXBuildFile; fileRef = EE9C8E8E2B2887B3009FC890 /* AnnotationView.swift */; };
		EE9C8E912B2887B3009FC890 /* AnnotationFeature.swift in Sources */ = {isa = PBXBuildFile; fileRef = EE9C8E8F2B2887B3009FC890 /* AnnotationFeature.swift */; };
		EE9C8E942B2888B1009FC890 /* MapMainView.swift in Sources */ = {isa = PBXBuildFile; fileRef = EE9C8E932B2888B1009FC890 /* MapMainView.swift */; };
		EEA012BA2AFA8180004311F3 /* RootCoordinatorView.swift in Sources */ = {isa = PBXBuildFile; fileRef = EEA012B82AFA8180004311F3 /* RootCoordinatorView.swift */; };
		EEA012BB2AFA8180004311F3 /* RootScreen.swift in Sources */ = {isa = PBXBuildFile; fileRef = EEA012B92AFA8180004311F3 /* RootScreen.swift */; };
		EEA012DA2AFB7C69004311F3 /* Constants.swift in Sources */ = {isa = PBXBuildFile; fileRef = EEA012D92AFB7C69004311F3 /* Constants.swift */; };
		EEBF24A62B2BBC7B00C3BD21 /* LoadingView in Frameworks */ = {isa = PBXBuildFile; productRef = EEBF24A52B2BBC7B00C3BD21 /* LoadingView */; };
		EED6B7FE2B3C3F8600E91BEE /* Bucket.xcdatamodeld in Sources */ = {isa = PBXBuildFile; fileRef = EED6B7FC2B3C3F8600E91BEE /* Bucket.xcdatamodeld */; };
		EED6B80A2B3C498D00E91BEE /* CoreDataManager.swift in Sources */ = {isa = PBXBuildFile; fileRef = EED6B8092B3C498D00E91BEE /* CoreDataManager.swift */; };
		EED6B80C2B3C4D2900E91BEE /* BucketListClient.swift in Sources */ = {isa = PBXBuildFile; fileRef = EED6B80B2B3C4D2900E91BEE /* BucketListClient.swift */; };
		EEE812132B1AAA72006681DA /* ResponseMessage.swift in Sources */ = {isa = PBXBuildFile; fileRef = EEE812122B1AAA72006681DA /* ResponseMessage.swift */; };
		EEEB8D1C2AF8D40F007DEBAE /* AuthButton.swift in Sources */ = {isa = PBXBuildFile; fileRef = EEEB8D1B2AF8D40F007DEBAE /* AuthButton.swift */; };
		EEEB8D1E2AF8D895007DEBAE /* AuthResponse.swift in Sources */ = {isa = PBXBuildFile; fileRef = EEEB8D1D2AF8D895007DEBAE /* AuthResponse.swift */; };
		EEEB8D222AF8E5AD007DEBAE /* FailResponse.swift in Sources */ = {isa = PBXBuildFile; fileRef = EEEB8D212AF8E5AD007DEBAE /* FailResponse.swift */; };
		EEEB8D272AF8EAEA007DEBAE /* SignIn.swift in Sources */ = {isa = PBXBuildFile; fileRef = EEEB8D262AF8EAEA007DEBAE /* SignIn.swift */; };
		EEEB8D292AF8EAFC007DEBAE /* SignUp.swift in Sources */ = {isa = PBXBuildFile; fileRef = EEEB8D282AF8EAFC007DEBAE /* SignUp.swift */; };
		EEEB8D2C2AF920B6007DEBAE /* Alamofire in Frameworks */ = {isa = PBXBuildFile; productRef = EEEB8D2B2AF920B6007DEBAE /* Alamofire */; };
		EEF2F1822AF7CE61009F4677 /* ComposableArchitecture in Frameworks */ = {isa = PBXBuildFile; productRef = EEF2F1812AF7CE61009F4677 /* ComposableArchitecture */; };
		EEF2F18A2AF7D1BE009F4677 /* AuthFeature.swift in Sources */ = {isa = PBXBuildFile; fileRef = EEF2F1892AF7D1BE009F4677 /* AuthFeature.swift */; };
		EEF2F1902AF822DF009F4677 /* AuthView.swift in Sources */ = {isa = PBXBuildFile; fileRef = EEF2F18F2AF822DF009F4677 /* AuthView.swift */; };
		EEF2F1942AF823F0009F4677 /* InvalidBorderStyle.swift in Sources */ = {isa = PBXBuildFile; fileRef = EEF2F1932AF823F0009F4677 /* InvalidBorderStyle.swift */; };
		EEF2F1972AF8240E009F4677 /* InputField.swift in Sources */ = {isa = PBXBuildFile; fileRef = EEF2F1962AF8240E009F4677 /* InputField.swift */; };
		EEF2F1992AF82415009F4677 /* PasswordField.swift in Sources */ = {isa = PBXBuildFile; fileRef = EEF2F1982AF82415009F4677 /* PasswordField.swift */; };
		EEF2F19B2AF82710009F4677 /* Extensions.swift in Sources */ = {isa = PBXBuildFile; fileRef = EEF2F19A2AF82710009F4677 /* Extensions.swift */; };
		EEF2F19D2AF8271F009F4677 /* KeyboardType.swift in Sources */ = {isa = PBXBuildFile; fileRef = EEF2F19C2AF8271F009F4677 /* KeyboardType.swift */; };
		EEF2F1A12AF82BBA009F4677 /* Preview Assets.xcassets in Resources */ = {isa = PBXBuildFile; fileRef = EEF2F19F2AF82BBA009F4677 /* Preview Assets.xcassets */; };
		EEF2F1A22AF82BBA009F4677 /* Assets.xcassets in Resources */ = {isa = PBXBuildFile; fileRef = EEF2F1A02AF82BBA009F4677 /* Assets.xcassets */; };
		EEF2F1A42AF82EC9009F4677 /* InputFieldStyle.swift in Sources */ = {isa = PBXBuildFile; fileRef = EEF2F1A32AF82EC9009F4677 /* InputFieldStyle.swift */; };
		EEF6FD4A2B2218CF0052CB40 /* BucketItem.swift in Sources */ = {isa = PBXBuildFile; fileRef = EEF6FD492B2218CF0052CB40 /* BucketItem.swift */; };
		EEF6FD4F2B2219ED0052CB40 /* BucketDump.swift in Sources */ = {isa = PBXBuildFile; fileRef = EEF6FD4E2B2219ED0052CB40 /* BucketDump.swift */; };
		EEF96E0C2B1E2753008A66E6 /* MapScreen.swift in Sources */ = {isa = PBXBuildFile; fileRef = EEF96E0B2B1E2753008A66E6 /* MapScreen.swift */; };
		EEF96E0E2B1E2759008A66E6 /* MapCoordinator.swift in Sources */ = {isa = PBXBuildFile; fileRef = EEF96E0D2B1E2759008A66E6 /* MapCoordinator.swift */; };
		EEF96E192B1E27EF008A66E6 /* MapCoordinatorView.swift in Sources */ = {isa = PBXBuildFile; fileRef = EEF96E172B1E27EF008A66E6 /* MapCoordinatorView.swift */; };
		EEF96E1A2B1E27EF008A66E6 /* MapMain.swift in Sources */ = {isa = PBXBuildFile; fileRef = EEF96E182B1E27EF008A66E6 /* MapMain.swift */; };
		EEF96E1C2B1E2919008A66E6 /* MapRepresentable.swift in Sources */ = {isa = PBXBuildFile; fileRef = EEF96E1B2B1E2919008A66E6 /* MapRepresentable.swift */; };
		EEF96E1E2B1E2963008A66E6 /* MapPoint.swift in Sources */ = {isa = PBXBuildFile; fileRef = EEF96E1D2B1E2963008A66E6 /* MapPoint.swift */; };
		EEF96E212B1E29B1008A66E6 /* LocationManager.swift in Sources */ = {isa = PBXBuildFile; fileRef = EEF96E202B1E29B1008A66E6 /* LocationManager.swift */; };
		EEF96E312B1E3013008A66E6 /* BucketScreen.swift in Sources */ = {isa = PBXBuildFile; fileRef = EEF96E262B1E3013008A66E6 /* BucketScreen.swift */; };
		EEF96E322B1E3013008A66E6 /* BucketCoordinator.swift in Sources */ = {isa = PBXBuildFile; fileRef = EEF96E272B1E3013008A66E6 /* BucketCoordinator.swift */; };
		EEF96E352B1E3013008A66E6 /* BucketCoordinatorView.swift in Sources */ = {isa = PBXBuildFile; fileRef = EEF96E2D2B1E3013008A66E6 /* BucketCoordinatorView.swift */; };
		EEF96E362B1E3013008A66E6 /* BucketMainView.swift in Sources */ = {isa = PBXBuildFile; fileRef = EEF96E2E2B1E3013008A66E6 /* BucketMainView.swift */; };
		EEF96E392B1E32ED008A66E6 /* User.swift in Sources */ = {isa = PBXBuildFile; fileRef = EEF96E382B1E32ED008A66E6 /* User.swift */; };
		EEF96E3D2B1E448D008A66E6 /* HeaderView.swift in Sources */ = {isa = PBXBuildFile; fileRef = EEF96E3C2B1E448D008A66E6 /* HeaderView.swift */; };
		EEF96E3F2B1E5226008A66E6 /* ProfileCard.swift in Sources */ = {isa = PBXBuildFile; fileRef = EEF96E3E2B1E5226008A66E6 /* ProfileCard.swift */; };
		EEF96E442B1E849E008A66E6 /* QuestView.swift in Sources */ = {isa = PBXBuildFile; fileRef = EEF96E432B1E849E008A66E6 /* QuestView.swift */; };
		EEF96E462B1E8798008A66E6 /* Quest.swift in Sources */ = {isa = PBXBuildFile; fileRef = EEF96E452B1E8798008A66E6 /* Quest.swift */; };
		EEF96E4A2B1E9667008A66E6 /* BucketOption.swift in Sources */ = {isa = PBXBuildFile; fileRef = EEF96E492B1E9667008A66E6 /* BucketOption.swift */; };
		EEF96E4C2B1F1CEC008A66E6 /* StatBox.swift in Sources */ = {isa = PBXBuildFile; fileRef = EEF96E4B2B1F1CEC008A66E6 /* StatBox.swift */; };
		EEFFBA082AF99F3F00238FA0 /* RequestError.swift in Sources */ = {isa = PBXBuildFile; fileRef = EEFFBA072AF99F3F00238FA0 /* RequestError.swift */; };
		EEFFBA0A2AF9A34600238FA0 /* ErrorText.swift in Sources */ = {isa = PBXBuildFile; fileRef = EEFFBA092AF9A34600238FA0 /* ErrorText.swift */; };
		EEFFBA0C2AF9A7F100238FA0 /* ErrorField.swift in Sources */ = {isa = PBXBuildFile; fileRef = EEFFBA0B2AF9A7F100238FA0 /* ErrorField.swift */; };
/* End PBXBuildFile section */

/* Begin PBXFileReference section */
		EE0C21842AE861D700668357 /* SmartWaste.app */ = {isa = PBXFileReference; explicitFileType = wrapper.application; includeInIndex = 0; path = SmartWaste.app; sourceTree = BUILT_PRODUCTS_DIR; };
		EE0C21872AE861D700668357 /* SmartWasteApp.swift */ = {isa = PBXFileReference; lastKnownFileType = sourcecode.swift; path = SmartWasteApp.swift; sourceTree = "<group>"; };
		EE0FF9CE2B21411F00D13CB6 /* CameraRepresentable.swift */ = {isa = PBXFileReference; lastKnownFileType = sourcecode.swift; path = CameraRepresentable.swift; sourceTree = "<group>"; };
		EE13F5C12B18933C00B0A8CC /* ScaleButtonStyle.swift */ = {isa = PBXFileReference; lastKnownFileType = sourcecode.swift; path = ScaleButtonStyle.swift; sourceTree = "<group>"; };
		EE140B172AFA5221001A4461 /* ProfileCoordinatorView.swift */ = {isa = PBXFileReference; lastKnownFileType = sourcecode.swift; path = ProfileCoordinatorView.swift; sourceTree = "<group>"; };
		EE140B182AFA5221001A4461 /* ProfileScreen.swift */ = {isa = PBXFileReference; lastKnownFileType = sourcecode.swift; path = ProfileScreen.swift; sourceTree = "<group>"; };
		EE2809532AF84F3400093049 /* TitleView.swift */ = {isa = PBXFileReference; lastKnownFileType = sourcecode.swift; path = TitleView.swift; sourceTree = "<group>"; };
		EE2809552AF852E600093049 /* AuthType.swift */ = {isa = PBXFileReference; lastKnownFileType = sourcecode.swift; path = AuthType.swift; sourceTree = "<group>"; };
		EE2809572AF8534100093049 /* AuthTitle.swift */ = {isa = PBXFileReference; lastKnownFileType = sourcecode.swift; path = AuthTitle.swift; sourceTree = "<group>"; };
		EE2809592AF856A600093049 /* AuthToggleButton.swift */ = {isa = PBXFileReference; lastKnownFileType = sourcecode.swift; path = AuthToggleButton.swift; sourceTree = "<group>"; };
		EE297A2E2B14A5AD006FC0C4 /* ProfileCoordinator.swift */ = {isa = PBXFileReference; lastKnownFileType = sourcecode.swift; path = ProfileCoordinator.swift; sourceTree = "<group>"; };
		EE297A302B14A905006FC0C4 /* ProfileMain.swift */ = {isa = PBXFileReference; lastKnownFileType = sourcecode.swift; path = ProfileMain.swift; sourceTree = "<group>"; };
		EE297A462B14D662006FC0C4 /* TabsFeature.swift */ = {isa = PBXFileReference; lastKnownFileType = sourcecode.swift; path = TabsFeature.swift; sourceTree = "<group>"; };
		EE297A482B14D66C006FC0C4 /* TabsView.swift */ = {isa = PBXFileReference; lastKnownFileType = sourcecode.swift; path = TabsView.swift; sourceTree = "<group>"; };
		EE2FEF402B2869AF0038233E /* BucketItemView.swift */ = {isa = PBXFileReference; lastKnownFileType = sourcecode.swift; path = BucketItemView.swift; sourceTree = "<group>"; };
		EE2FEF412B2869AF0038233E /* BucketItemFeature.swift */ = {isa = PBXFileReference; lastKnownFileType = sourcecode.swift; path = BucketItemFeature.swift; sourceTree = "<group>"; };
		EE30976F2B1F64F900B6CBFB /* BucketMain.swift */ = {isa = PBXFileReference; lastKnownFileType = sourcecode.swift; path = BucketMain.swift; sourceTree = "<group>"; };
		EE3097792B1F7E4700B6CBFB /* BucketClient.swift */ = {isa = PBXFileReference; lastKnownFileType = sourcecode.swift; path = BucketClient.swift; sourceTree = "<group>"; };
		EE3097A52B20888C00B6CBFB /* BucketCategory.swift */ = {isa = PBXFileReference; lastKnownFileType = sourcecode.swift; path = BucketCategory.swift; sourceTree = "<group>"; };
		EE3097A72B20897700B6CBFB /* BucketOptions.swift */ = {isa = PBXFileReference; lastKnownFileType = sourcecode.swift; path = BucketOptions.swift; sourceTree = "<group>"; };
		EE3097A92B2113D000B6CBFB /* ProfileClient.swift */ = {isa = PBXFileReference; lastKnownFileType = sourcecode.swift; path = ProfileClient.swift; sourceTree = "<group>"; };
		EE36E6322B29C52400E3328C /* CameraView.swift */ = {isa = PBXFileReference; lastKnownFileType = sourcecode.swift; path = CameraView.swift; sourceTree = "<group>"; };
		EE36E6332B29C52400E3328C /* CameraFeature.swift */ = {isa = PBXFileReference; lastKnownFileType = sourcecode.swift; path = CameraFeature.swift; sourceTree = "<group>"; };
		EE3767F22B112A65007DFA25 /* RootCoordinator.swift */ = {isa = PBXFileReference; lastKnownFileType = sourcecode.swift; path = RootCoordinator.swift; sourceTree = "<group>"; };
		EE3767F72B112D48007DFA25 /* SplashView.swift */ = {isa = PBXFileReference; lastKnownFileType = sourcecode.swift; path = SplashView.swift; sourceTree = "<group>"; };
		EE3767F82B112D48007DFA25 /* SplashFeature.swift */ = {isa = PBXFileReference; lastKnownFileType = sourcecode.swift; path = SplashFeature.swift; sourceTree = "<group>"; };
		EE495A6B2B228EAF00E96082 /* ProgressResponse.swift */ = {isa = PBXFileReference; lastKnownFileType = sourcecode.swift; path = ProgressResponse.swift; sourceTree = "<group>"; };
		EE56775F2B10AEDD00DDE4A0 /* Validation.swift */ = {isa = PBXFileReference; lastKnownFileType = sourcecode.swift; path = Validation.swift; sourceTree = "<group>"; };
		EE5AE1A62AF9407E00381B33 /* ErrorTypes.swift */ = {isa = PBXFileReference; lastKnownFileType = sourcecode.swift; path = ErrorTypes.swift; sourceTree = "<group>"; };
		EE68F4B82B278C880082EE56 /* Toggleable.swift */ = {isa = PBXFileReference; lastKnownFileType = sourcecode.swift; path = Toggleable.swift; sourceTree = "<group>"; };
		EE68F4BB2B27CB640082EE56 /* AddView.swift */ = {isa = PBXFileReference; lastKnownFileType = sourcecode.swift; path = AddView.swift; sourceTree = "<group>"; };
		EE68F4BC2B27CB640082EE56 /* AddFeature.swift */ = {isa = PBXFileReference; lastKnownFileType = sourcecode.swift; path = AddFeature.swift; sourceTree = "<group>"; };
		EE68F4C02B27CC190082EE56 /* CounterView.swift */ = {isa = PBXFileReference; lastKnownFileType = sourcecode.swift; path = CounterView.swift; sourceTree = "<group>"; };
		EE68F4C12B27CC190082EE56 /* CounterFeature.swift */ = {isa = PBXFileReference; lastKnownFileType = sourcecode.swift; path = CounterFeature.swift; sourceTree = "<group>"; };
		EE70CBCA2B247677009A2F94 /* MapLink.swift */ = {isa = PBXFileReference; lastKnownFileType = sourcecode.swift; path = MapLink.swift; sourceTree = "<group>"; };
		EE70CBCD2B2483D6009A2F94 /* Info.plist */ = {isa = PBXFileReference; lastKnownFileType = text.plist; path = Info.plist; sourceTree = "<group>"; };
		EE7F96E12B1571B50071A99F /* AuthClient.swift */ = {isa = PBXFileReference; lastKnownFileType = sourcecode.swift; path = AuthClient.swift; sourceTree = "<group>"; };
		EE7F96E42B15E40B0071A99F /* KeychainClient.swift */ = {isa = PBXFileReference; lastKnownFileType = sourcecode.swift; path = KeychainClient.swift; sourceTree = "<group>"; };
		EE7F96E62B15ECC30071A99F /* MapClient.swift */ = {isa = PBXFileReference; lastKnownFileType = sourcecode.swift; path = MapClient.swift; sourceTree = "<group>"; };
		EE9C8E8E2B2887B3009FC890 /* AnnotationView.swift */ = {isa = PBXFileReference; lastKnownFileType = sourcecode.swift; path = AnnotationView.swift; sourceTree = "<group>"; };
		EE9C8E8F2B2887B3009FC890 /* AnnotationFeature.swift */ = {isa = PBXFileReference; lastKnownFileType = sourcecode.swift; path = AnnotationFeature.swift; sourceTree = "<group>"; };
		EE9C8E932B2888B1009FC890 /* MapMainView.swift */ = {isa = PBXFileReference; lastKnownFileType = sourcecode.swift; path = MapMainView.swift; sourceTree = "<group>"; };
		EEA012B82AFA8180004311F3 /* RootCoordinatorView.swift */ = {isa = PBXFileReference; lastKnownFileType = sourcecode.swift; path = RootCoordinatorView.swift; sourceTree = "<group>"; };
		EEA012B92AFA8180004311F3 /* RootScreen.swift */ = {isa = PBXFileReference; lastKnownFileType = sourcecode.swift; path = RootScreen.swift; sourceTree = "<group>"; };
		EEA012D92AFB7C69004311F3 /* Constants.swift */ = {isa = PBXFileReference; lastKnownFileType = sourcecode.swift; path = Constants.swift; sourceTree = "<group>"; };
		EED6B7FD2B3C3F8600E91BEE /* Bucket.xcdatamodel */ = {isa = PBXFileReference; lastKnownFileType = wrapper.xcdatamodel; path = Bucket.xcdatamodel; sourceTree = "<group>"; };
		EED6B8092B3C498D00E91BEE /* CoreDataManager.swift */ = {isa = PBXFileReference; lastKnownFileType = sourcecode.swift; path = CoreDataManager.swift; sourceTree = "<group>"; };
		EED6B80B2B3C4D2900E91BEE /* BucketListClient.swift */ = {isa = PBXFileReference; lastKnownFileType = sourcecode.swift; path = BucketListClient.swift; sourceTree = "<group>"; };
		EEE812122B1AAA72006681DA /* ResponseMessage.swift */ = {isa = PBXFileReference; lastKnownFileType = sourcecode.swift; path = ResponseMessage.swift; sourceTree = "<group>"; };
		EEEB8D1B2AF8D40F007DEBAE /* AuthButton.swift */ = {isa = PBXFileReference; lastKnownFileType = sourcecode.swift; path = AuthButton.swift; sourceTree = "<group>"; };
		EEEB8D1D2AF8D895007DEBAE /* AuthResponse.swift */ = {isa = PBXFileReference; lastKnownFileType = sourcecode.swift; path = AuthResponse.swift; sourceTree = "<group>"; };
		EEEB8D212AF8E5AD007DEBAE /* FailResponse.swift */ = {isa = PBXFileReference; lastKnownFileType = sourcecode.swift; path = FailResponse.swift; sourceTree = "<group>"; };
		EEEB8D262AF8EAEA007DEBAE /* SignIn.swift */ = {isa = PBXFileReference; lastKnownFileType = sourcecode.swift; path = SignIn.swift; sourceTree = "<group>"; };
		EEEB8D282AF8EAFC007DEBAE /* SignUp.swift */ = {isa = PBXFileReference; lastKnownFileType = sourcecode.swift; path = SignUp.swift; sourceTree = "<group>"; };
		EEF2F1892AF7D1BE009F4677 /* AuthFeature.swift */ = {isa = PBXFileReference; lastKnownFileType = sourcecode.swift; path = AuthFeature.swift; sourceTree = "<group>"; };
		EEF2F18F2AF822DF009F4677 /* AuthView.swift */ = {isa = PBXFileReference; lastKnownFileType = sourcecode.swift; path = AuthView.swift; sourceTree = "<group>"; };
		EEF2F1932AF823F0009F4677 /* InvalidBorderStyle.swift */ = {isa = PBXFileReference; lastKnownFileType = sourcecode.swift; path = InvalidBorderStyle.swift; sourceTree = "<group>"; };
		EEF2F1962AF8240E009F4677 /* InputField.swift */ = {isa = PBXFileReference; lastKnownFileType = sourcecode.swift; path = InputField.swift; sourceTree = "<group>"; };
		EEF2F1982AF82415009F4677 /* PasswordField.swift */ = {isa = PBXFileReference; lastKnownFileType = sourcecode.swift; path = PasswordField.swift; sourceTree = "<group>"; };
		EEF2F19A2AF82710009F4677 /* Extensions.swift */ = {isa = PBXFileReference; lastKnownFileType = sourcecode.swift; path = Extensions.swift; sourceTree = "<group>"; };
		EEF2F19C2AF8271F009F4677 /* KeyboardType.swift */ = {isa = PBXFileReference; lastKnownFileType = sourcecode.swift; path = KeyboardType.swift; sourceTree = "<group>"; };
		EEF2F19F2AF82BBA009F4677 /* Preview Assets.xcassets */ = {isa = PBXFileReference; lastKnownFileType = folder.assetcatalog; path = "Preview Assets.xcassets"; sourceTree = "<group>"; };
		EEF2F1A02AF82BBA009F4677 /* Assets.xcassets */ = {isa = PBXFileReference; lastKnownFileType = folder.assetcatalog; path = Assets.xcassets; sourceTree = "<group>"; };
		EEF2F1A32AF82EC9009F4677 /* InputFieldStyle.swift */ = {isa = PBXFileReference; lastKnownFileType = sourcecode.swift; path = InputFieldStyle.swift; sourceTree = "<group>"; };
		EEF6FD492B2218CF0052CB40 /* BucketItem.swift */ = {isa = PBXFileReference; lastKnownFileType = sourcecode.swift; path = BucketItem.swift; sourceTree = "<group>"; };
		EEF6FD4E2B2219ED0052CB40 /* BucketDump.swift */ = {isa = PBXFileReference; lastKnownFileType = sourcecode.swift; path = BucketDump.swift; sourceTree = "<group>"; };
		EEF96E0B2B1E2753008A66E6 /* MapScreen.swift */ = {isa = PBXFileReference; lastKnownFileType = sourcecode.swift; path = MapScreen.swift; sourceTree = "<group>"; };
		EEF96E0D2B1E2759008A66E6 /* MapCoordinator.swift */ = {isa = PBXFileReference; lastKnownFileType = sourcecode.swift; path = MapCoordinator.swift; sourceTree = "<group>"; };
		EEF96E172B1E27EF008A66E6 /* MapCoordinatorView.swift */ = {isa = PBXFileReference; fileEncoding = 4; lastKnownFileType = sourcecode.swift; path = MapCoordinatorView.swift; sourceTree = "<group>"; };
		EEF96E182B1E27EF008A66E6 /* MapMain.swift */ = {isa = PBXFileReference; fileEncoding = 4; lastKnownFileType = sourcecode.swift; path = MapMain.swift; sourceTree = "<group>"; };
		EEF96E1B2B1E2919008A66E6 /* MapRepresentable.swift */ = {isa = PBXFileReference; lastKnownFileType = sourcecode.swift; path = MapRepresentable.swift; sourceTree = "<group>"; };
		EEF96E1D2B1E2963008A66E6 /* MapPoint.swift */ = {isa = PBXFileReference; lastKnownFileType = sourcecode.swift; path = MapPoint.swift; sourceTree = "<group>"; };
		EEF96E202B1E29B1008A66E6 /* LocationManager.swift */ = {isa = PBXFileReference; lastKnownFileType = sourcecode.swift; path = LocationManager.swift; sourceTree = "<group>"; };
		EEF96E262B1E3013008A66E6 /* BucketScreen.swift */ = {isa = PBXFileReference; fileEncoding = 4; lastKnownFileType = sourcecode.swift; path = BucketScreen.swift; sourceTree = "<group>"; };
		EEF96E272B1E3013008A66E6 /* BucketCoordinator.swift */ = {isa = PBXFileReference; fileEncoding = 4; lastKnownFileType = sourcecode.swift; path = BucketCoordinator.swift; sourceTree = "<group>"; };
		EEF96E2D2B1E3013008A66E6 /* BucketCoordinatorView.swift */ = {isa = PBXFileReference; fileEncoding = 4; lastKnownFileType = sourcecode.swift; path = BucketCoordinatorView.swift; sourceTree = "<group>"; };
		EEF96E2E2B1E3013008A66E6 /* BucketMainView.swift */ = {isa = PBXFileReference; fileEncoding = 4; lastKnownFileType = sourcecode.swift; path = BucketMainView.swift; sourceTree = "<group>"; };
		EEF96E382B1E32ED008A66E6 /* User.swift */ = {isa = PBXFileReference; lastKnownFileType = sourcecode.swift; path = User.swift; sourceTree = "<group>"; };
		EEF96E3C2B1E448D008A66E6 /* HeaderView.swift */ = {isa = PBXFileReference; lastKnownFileType = sourcecode.swift; path = HeaderView.swift; sourceTree = "<group>"; };
		EEF96E3E2B1E5226008A66E6 /* ProfileCard.swift */ = {isa = PBXFileReference; lastKnownFileType = sourcecode.swift; path = ProfileCard.swift; sourceTree = "<group>"; };
		EEF96E432B1E849E008A66E6 /* QuestView.swift */ = {isa = PBXFileReference; lastKnownFileType = sourcecode.swift; path = QuestView.swift; sourceTree = "<group>"; };
		EEF96E452B1E8798008A66E6 /* Quest.swift */ = {isa = PBXFileReference; lastKnownFileType = sourcecode.swift; path = Quest.swift; sourceTree = "<group>"; };
		EEF96E492B1E9667008A66E6 /* BucketOption.swift */ = {isa = PBXFileReference; lastKnownFileType = sourcecode.swift; path = BucketOption.swift; sourceTree = "<group>"; };
		EEF96E4B2B1F1CEC008A66E6 /* StatBox.swift */ = {isa = PBXFileReference; lastKnownFileType = sourcecode.swift; path = StatBox.swift; sourceTree = "<group>"; };
		EEFFBA072AF99F3F00238FA0 /* RequestError.swift */ = {isa = PBXFileReference; lastKnownFileType = sourcecode.swift; path = RequestError.swift; sourceTree = "<group>"; };
		EEFFBA092AF9A34600238FA0 /* ErrorText.swift */ = {isa = PBXFileReference; lastKnownFileType = sourcecode.swift; path = ErrorText.swift; sourceTree = "<group>"; };
		EEFFBA0B2AF9A7F100238FA0 /* ErrorField.swift */ = {isa = PBXFileReference; lastKnownFileType = sourcecode.swift; path = ErrorField.swift; sourceTree = "<group>"; };
/* End PBXFileReference section */

/* Begin PBXFrameworksBuildPhase section */
		EE0C21812AE861D700668357 /* Frameworks */ = {
			isa = PBXFrameworksBuildPhase;
			buildActionMask = 2147483647;
			files = (
				EEBF24A62B2BBC7B00C3BD21 /* LoadingView in Frameworks */,
				EEEB8D2C2AF920B6007DEBAE /* Alamofire in Frameworks */,
				EE56776A2B110A6B00DDE4A0 /* Reachability in Frameworks */,
				EE40B6832B0FDD0A000C07BD /* SkeletonUI in Frameworks */,
				EE5677642B10BDBF00DDE4A0 /* KeychainSwift in Frameworks */,
				EE5677672B11090A00DDE4A0 /* AlertToast in Frameworks */,
				EEF2F1822AF7CE61009F4677 /* ComposableArchitecture in Frameworks */,
				EE3767F62B112AAA007DFA25 /* TCACoordinators in Frameworks */,
				EE7A34432AF530A700685408 /* CachedAsyncImage in Frameworks */,
			);
			runOnlyForDeploymentPostprocessing = 0;
		};
/* End PBXFrameworksBuildPhase section */

/* Begin PBXGroup section */
		EE0C217B2AE861D700668357 = {
			isa = PBXGroup;
			children = (
				EE0C21862AE861D700668357 /* SmartWaste */,
				EE0C21852AE861D700668357 /* Products */,
			);
			sourceTree = "<group>";
		};
		EE0C21852AE861D700668357 /* Products */ = {
			isa = PBXGroup;
			children = (
				EE0C21842AE861D700668357 /* SmartWaste.app */,
			);
			name = Products;
			sourceTree = "<group>";
		};
		EE0C21862AE861D700668357 /* SmartWaste */ = {
			isa = PBXGroup;
			children = (
				EE70CBCD2B2483D6009A2F94 /* Info.plist */,
				EEF2F1A02AF82BBA009F4677 /* Assets.xcassets */,
				EE32F9BC2B14065900EBE360 /* Core */,
				EE56775E2B10AB8F00DDE4A0 /* Shared */,
				EED6B8072B3C451B00E91BEE /* Storage */,
				EEF2F19E2AF82BBA009F4677 /* Preview Content */,
			);
			path = SmartWaste;
			sourceTree = "<group>";
		};
		EE13F5C32B18933F00B0A8CC /* Styles */ = {
			isa = PBXGroup;
			children = (
				EE13F5C12B18933C00B0A8CC /* ScaleButtonStyle.swift */,
			);
			path = Styles;
			sourceTree = "<group>";
		};
		EE140B1B2AFA5226001A4461 /* Profile */ = {
			isa = PBXGroup;
			children = (
				EEA012BE2AFABC76004311F3 /* Features */,
				EEA012BD2AFABC69004311F3 /* Views */,
			);
			path = Profile;
			sourceTree = "<group>";
		};
		EE2FEF442B2869B20038233E /* BucketItem */ = {
			isa = PBXGroup;
			children = (
				EE2FEF412B2869AF0038233E /* BucketItemFeature.swift */,
				EE2FEF402B2869AF0038233E /* BucketItemView.swift */,
			);
			path = BucketItem;
			sourceTree = "<group>";
		};
		EE32F9BC2B14065900EBE360 /* Core */ = {
			isa = PBXGroup;
			children = (
				EE3767F12B1127A5007DFA25 /* App */,
				EEF2F1882AF7D1AF009F4677 /* Features */,
				EE7F96E32B1571BA0071A99F /* DI */,
			);
			path = Core;
			sourceTree = "<group>";
		};
		EE36E6362B29C52700E3328C /* Camera */ = {
			isa = PBXGroup;
			children = (
				EE36E6332B29C52400E3328C /* CameraFeature.swift */,
				EE36E6322B29C52400E3328C /* CameraView.swift */,
			);
			path = Camera;
			sourceTree = "<group>";
		};
		EE3767F12B1127A5007DFA25 /* App */ = {
			isa = PBXGroup;
			children = (
				EE0C21872AE861D700668357 /* SmartWasteApp.swift */,
			);
			path = App;
			sourceTree = "<group>";
		};
		EE3767FB2B112D51007DFA25 /* Splash */ = {
			isa = PBXGroup;
			children = (
				EE9888CB2B155544009445BC /* Features */,
				EE9888CC2B155548009445BC /* Views */,
			);
			path = Splash;
			sourceTree = "<group>";
		};
		EE3AB5F82B16B2D0008132CE /* Models */ = {
			isa = PBXGroup;
			children = (
				EEF6FD4B2B2218FC0052CB40 /* Networking */,
				EEF6FD4C2B22190E0052CB40 /* Map */,
				EEF96E4D2B1F27A1008A66E6 /* Bucket */,
				EEF6FD4D2B22191F0052CB40 /* Profile */,
			);
			path = Models;
			sourceTree = "<group>";
		};
		EE56775E2B10AB8F00DDE4A0 /* Shared */ = {
			isa = PBXGroup;
			children = (
				EE3AB5F82B16B2D0008132CE /* Models */,
				EEBF24A12B2B311C00C3BD21 /* Protocols */,
				EEA012DC2AFBAA11004311F3 /* Components */,
				EEF2F19A2AF82710009F4677 /* Extensions.swift */,
				EEA012D92AFB7C69004311F3 /* Constants.swift */,
				EE56775F2B10AEDD00DDE4A0 /* Validation.swift */,
			);
			path = Shared;
			sourceTree = "<group>";
		};
		EE68F4BA2B27CACB0082EE56 /* Main */ = {
			isa = PBXGroup;
			children = (
				EE30976F2B1F64F900B6CBFB /* BucketMain.swift */,
				EEF96E2E2B1E3013008A66E6 /* BucketMainView.swift */,
			);
			path = Main;
			sourceTree = "<group>";
		};
		EE68F4BF2B27CB6C0082EE56 /* Add */ = {
			isa = PBXGroup;
			children = (
				EE68F4BC2B27CB640082EE56 /* AddFeature.swift */,
				EE68F4BB2B27CB640082EE56 /* AddView.swift */,
			);
			path = Add;
			sourceTree = "<group>";
		};
		EE68F4C42B27CC1E0082EE56 /* Counter */ = {
			isa = PBXGroup;
			children = (
				EE68F4C12B27CC190082EE56 /* CounterFeature.swift */,
				EE68F4C02B27CC190082EE56 /* CounterView.swift */,
			);
			path = Counter;
			sourceTree = "<group>";
		};
		EE70CBCC2B2476A7009A2F94 /* Models */ = {
			isa = PBXGroup;
			children = (
				EEF96E202B1E29B1008A66E6 /* LocationManager.swift */,
				EE70CBCA2B247677009A2F94 /* MapLink.swift */,
			);
			path = Models;
			sourceTree = "<group>";
		};
		EE7F96E32B1571BA0071A99F /* DI */ = {
			isa = PBXGroup;
			children = (
				EE7F96E12B1571B50071A99F /* AuthClient.swift */,
				EE7F96E62B15ECC30071A99F /* MapClient.swift */,
				EE3097A92B2113D000B6CBFB /* ProfileClient.swift */,
				EE3097792B1F7E4700B6CBFB /* BucketClient.swift */,
				EED6B80B2B3C4D2900E91BEE /* BucketListClient.swift */,
				EE7F96E42B15E40B0071A99F /* KeychainClient.swift */,
			);
			path = DI;
			sourceTree = "<group>";
		};
		EE9888C92B155528009445BC /* Features */ = {
			isa = PBXGroup;
			children = (
				EEA012B92AFA8180004311F3 /* RootScreen.swift */,
				EE3767F22B112A65007DFA25 /* RootCoordinator.swift */,
			);
			path = Features;
			sourceTree = "<group>";
		};
		EE9888CA2B15553C009445BC /* Views */ = {
			isa = PBXGroup;
			children = (
				EEA012B82AFA8180004311F3 /* RootCoordinatorView.swift */,
			);
			path = Views;
			sourceTree = "<group>";
		};
		EE9888CB2B155544009445BC /* Features */ = {
			isa = PBXGroup;
			children = (
				EE3767F82B112D48007DFA25 /* SplashFeature.swift */,
			);
			path = Features;
			sourceTree = "<group>";
		};
		EE9888CC2B155548009445BC /* Views */ = {
			isa = PBXGroup;
			children = (
				EE3767F72B112D48007DFA25 /* SplashView.swift */,
			);
			path = Views;
			sourceTree = "<group>";
		};
		EE9888CD2B155550009445BC /* Features */ = {
			isa = PBXGroup;
			children = (
				EE297A462B14D662006FC0C4 /* TabsFeature.swift */,
			);
			path = Features;
			sourceTree = "<group>";
		};
		EE9888CE2B155557009445BC /* Views */ = {
			isa = PBXGroup;
			children = (
				EEF96E542B1F469C008A66E6 /* Components */,
				EE297A482B14D66C006FC0C4 /* TabsView.swift */,
			);
			path = Views;
			sourceTree = "<group>";
		};
		EE9C8E922B2887BA009FC890 /* Annotation */ = {
			isa = PBXGroup;
			children = (
				EE9C8E8F2B2887B3009FC890 /* AnnotationFeature.swift */,
				EE9C8E8E2B2887B3009FC890 /* AnnotationView.swift */,
			);
			path = Annotation;
			sourceTree = "<group>";
		};
		EE9C8E952B288958009FC890 /* Main */ = {
			isa = PBXGroup;
			children = (
				EEF96E182B1E27EF008A66E6 /* MapMain.swift */,
				EE9C8E932B2888B1009FC890 /* MapMainView.swift */,
			);
			path = Main;
			sourceTree = "<group>";
		};
		EEA012BC2AFA8183004311F3 /* Root */ = {
			isa = PBXGroup;
			children = (
				EE9888C92B155528009445BC /* Features */,
				EE9888CA2B15553C009445BC /* Views */,
			);
			path = Root;
			sourceTree = "<group>";
		};
		EEA012BD2AFABC69004311F3 /* Views */ = {
			isa = PBXGroup;
			children = (
				EEF96E402B1E5229008A66E6 /* Components */,
				EE297A302B14A905006FC0C4 /* ProfileMain.swift */,
				EE140B172AFA5221001A4461 /* ProfileCoordinatorView.swift */,
			);
			path = Views;
			sourceTree = "<group>";
		};
		EEA012BE2AFABC76004311F3 /* Features */ = {
			isa = PBXGroup;
			children = (
				EE140B182AFA5221001A4461 /* ProfileScreen.swift */,
				EE297A2E2B14A5AD006FC0C4 /* ProfileCoordinator.swift */,
			);
			path = Features;
			sourceTree = "<group>";
		};
		EEA012DC2AFBAA11004311F3 /* Components */ = {
			isa = PBXGroup;
			children = (
				EE13F5C32B18933F00B0A8CC /* Styles */,
				EE2809532AF84F3400093049 /* TitleView.swift */,
			);
			path = Components;
			sourceTree = "<group>";
		};
		EEBF249E2B2B30B600C3BD21 /* Selection */ = {
			isa = PBXGroup;
			children = (
				EE3097A72B20897700B6CBFB /* BucketOptions.swift */,
				EEF96E492B1E9667008A66E6 /* BucketOption.swift */,
			);
			path = Selection;
			sourceTree = "<group>";
		};
		EEBF249F2B2B30E600C3BD21 /* Main */ = {
			isa = PBXGroup;
			children = (
				EEF6FD492B2218CF0052CB40 /* BucketItem.swift */,
				EE3097A52B20888C00B6CBFB /* BucketCategory.swift */,
			);
			path = Main;
			sourceTree = "<group>";
		};
		EEBF24A02B2B30EC00C3BD21 /* Dump */ = {
			isa = PBXGroup;
			children = (
				EEF6FD4E2B2219ED0052CB40 /* BucketDump.swift */,
			);
			path = Dump;
			sourceTree = "<group>";
		};
		EEBF24A12B2B311C00C3BD21 /* Protocols */ = {
			isa = PBXGroup;
			children = (
				EE68F4B82B278C880082EE56 /* Toggleable.swift */,
			);
			path = Protocols;
			sourceTree = "<group>";
		};
		EED6B8072B3C451B00E91BEE /* Storage */ = {
			isa = PBXGroup;
			children = (
				EED6B8082B3C452C00E91BEE /* CoreData */,
			);
			path = Storage;
			sourceTree = "<group>";
		};
		EED6B8082B3C452C00E91BEE /* CoreData */ = {
			isa = PBXGroup;
			children = (
				EED6B7FC2B3C3F8600E91BEE /* Bucket.xcdatamodeld */,
				EED6B8092B3C498D00E91BEE /* CoreDataManager.swift */,
			);
			path = CoreData;
			sourceTree = "<group>";
		};
		EEF2F17F2AF7CE0B009F4677 /* Tabs */ = {
			isa = PBXGroup;
			children = (
				EE9888CD2B155550009445BC /* Features */,
				EE9888CE2B155557009445BC /* Views */,
			);
			path = Tabs;
			sourceTree = "<group>";
		};
		EEF2F1882AF7D1AF009F4677 /* Features */ = {
			isa = PBXGroup;
			children = (
				EEA012BC2AFA8183004311F3 /* Root */,
				EE3767FB2B112D51007DFA25 /* Splash */,
				EEF2F18B2AF7D1C5009F4677 /* Auth */,
				EEF2F17F2AF7CE0B009F4677 /* Tabs */,
				EEF96E152B1E27C4008A66E6 /* Map */,
				EE140B1B2AFA5226001A4461 /* Profile */,
				EEF96E242B1E3013008A66E6 /* Bucket */,
			);
			path = Features;
			sourceTree = "<group>";
		};
		EEF2F18B2AF7D1C5009F4677 /* Auth */ = {
			isa = PBXGroup;
			children = (
				EEF2F1922AF82370009F4677 /* Features */,
				EEF2F1A72AF83A52009F4677 /* Models */,
				EEF2F1912AF8236B009F4677 /* Views */,
			);
			path = Auth;
			sourceTree = "<group>";
		};
		EEF2F1912AF8236B009F4677 /* Views */ = {
			isa = PBXGroup;
			children = (
				EEF2F1952AF823F5009F4677 /* Components */,
				EEF2F18F2AF822DF009F4677 /* AuthView.swift */,
			);
			path = Views;
			sourceTree = "<group>";
		};
		EEF2F1922AF82370009F4677 /* Features */ = {
			isa = PBXGroup;
			children = (
				EEF2F1892AF7D1BE009F4677 /* AuthFeature.swift */,
			);
			path = Features;
			sourceTree = "<group>";
		};
		EEF2F1952AF823F5009F4677 /* Components */ = {
			isa = PBXGroup;
			children = (
				EEF2F1A52AF82F33009F4677 /* Styles */,
				EEEB8D1B2AF8D40F007DEBAE /* AuthButton.swift */,
				EE2809572AF8534100093049 /* AuthTitle.swift */,
				EE2809592AF856A600093049 /* AuthToggleButton.swift */,
				EEFFBA092AF9A34600238FA0 /* ErrorText.swift */,
				EEF2F1962AF8240E009F4677 /* InputField.swift */,
				EEF2F1982AF82415009F4677 /* PasswordField.swift */,
			);
			path = Components;
			sourceTree = "<group>";
		};
		EEF2F19E2AF82BBA009F4677 /* Preview Content */ = {
			isa = PBXGroup;
			children = (
				EEF2F19F2AF82BBA009F4677 /* Preview Assets.xcassets */,
			);
			path = "Preview Content";
			sourceTree = "<group>";
		};
		EEF2F1A52AF82F33009F4677 /* Styles */ = {
			isa = PBXGroup;
			children = (
				EEF2F1A32AF82EC9009F4677 /* InputFieldStyle.swift */,
				EEF2F1932AF823F0009F4677 /* InvalidBorderStyle.swift */,
			);
			path = Styles;
			sourceTree = "<group>";
		};
		EEF2F1A72AF83A52009F4677 /* Models */ = {
			isa = PBXGroup;
			children = (
				EEEB8D1D2AF8D895007DEBAE /* AuthResponse.swift */,
				EE2809552AF852E600093049 /* AuthType.swift */,
				EEFFBA0B2AF9A7F100238FA0 /* ErrorField.swift */,
				EEF2F19C2AF8271F009F4677 /* KeyboardType.swift */,
				EEEB8D262AF8EAEA007DEBAE /* SignIn.swift */,
				EEEB8D282AF8EAFC007DEBAE /* SignUp.swift */,
			);
			path = Models;
			sourceTree = "<group>";
		};
		EEF6FD4B2B2218FC0052CB40 /* Networking */ = {
			isa = PBXGroup;
			children = (
				EE5AE1A62AF9407E00381B33 /* ErrorTypes.swift */,
				EEEB8D212AF8E5AD007DEBAE /* FailResponse.swift */,
				EEFFBA072AF99F3F00238FA0 /* RequestError.swift */,
				EEE812122B1AAA72006681DA /* ResponseMessage.swift */,
			);
			path = Networking;
			sourceTree = "<group>";
		};
		EEF6FD4C2B22190E0052CB40 /* Map */ = {
			isa = PBXGroup;
			children = (
				EEF96E1D2B1E2963008A66E6 /* MapPoint.swift */,
			);
			path = Map;
			sourceTree = "<group>";
		};
		EEF6FD4D2B22191F0052CB40 /* Profile */ = {
			isa = PBXGroup;
			children = (
				EEF96E382B1E32ED008A66E6 /* User.swift */,
				EEF96E452B1E8798008A66E6 /* Quest.swift */,
				EE495A6B2B228EAF00E96082 /* ProgressResponse.swift */,
			);
			path = Profile;
			sourceTree = "<group>";
		};
		EEF96E132B1E2768008A66E6 /* Features */ = {
			isa = PBXGroup;
			children = (
				EE9C8E922B2887BA009FC890 /* Annotation */,
				EE9C8E952B288958009FC890 /* Main */,
				EEF96E0B2B1E2753008A66E6 /* MapScreen.swift */,
				EEF96E0D2B1E2759008A66E6 /* MapCoordinator.swift */,
			);
			path = Features;
			sourceTree = "<group>";
		};
		EEF96E152B1E27C4008A66E6 /* Map */ = {
			isa = PBXGroup;
			children = (
				EEF96E132B1E2768008A66E6 /* Features */,
				EE70CBCC2B2476A7009A2F94 /* Models */,
				EEF96E162B1E27EF008A66E6 /* Views */,
			);
			path = Map;
			sourceTree = "<group>";
		};
		EEF96E162B1E27EF008A66E6 /* Views */ = {
			isa = PBXGroup;
			children = (
				EEF96E232B1E2FB1008A66E6 /* Components */,
				EEF96E172B1E27EF008A66E6 /* MapCoordinatorView.swift */,
			);
			path = Views;
			sourceTree = "<group>";
		};
		EEF96E232B1E2FB1008A66E6 /* Components */ = {
			isa = PBXGroup;
			children = (
				EEF96E1B2B1E2919008A66E6 /* MapRepresentable.swift */,
			);
			path = Components;
			sourceTree = "<group>";
		};
		EEF96E242B1E3013008A66E6 /* Bucket */ = {
			isa = PBXGroup;
			children = (
				EEF96E252B1E3013008A66E6 /* Features */,
				EEF96E262B1E3013008A66E6 /* BucketScreen.swift */,
				EEF96E272B1E3013008A66E6 /* BucketCoordinator.swift */,
				EEF96E2C2B1E3013008A66E6 /* Views */,
			);
			name = Bucket;
			path = SmartWaste/Core/Features/Bucket;
			sourceTree = SOURCE_ROOT;
		};
		EEF96E252B1E3013008A66E6 /* Features */ = {
			isa = PBXGroup;
			children = (
				EE68F4BF2B27CB6C0082EE56 /* Add */,
				EE68F4C42B27CC1E0082EE56 /* Counter */,
				EE36E6362B29C52700E3328C /* Camera */,
				EE2FEF442B2869B20038233E /* BucketItem */,
				EE68F4BA2B27CACB0082EE56 /* Main */,
			);
			path = Features;
			sourceTree = "<group>";
		};
		EEF96E2C2B1E3013008A66E6 /* Views */ = {
			isa = PBXGroup;
			children = (
				EEF96E502B1F3B24008A66E6 /* Components */,
				EEF96E2D2B1E3013008A66E6 /* BucketCoordinatorView.swift */,
			);
			path = Views;
			sourceTree = "<group>";
		};
		EEF96E402B1E5229008A66E6 /* Components */ = {
			isa = PBXGroup;
			children = (
				EEF96E3E2B1E5226008A66E6 /* ProfileCard.swift */,
				EEF96E432B1E849E008A66E6 /* QuestView.swift */,
				EEF96E4B2B1F1CEC008A66E6 /* StatBox.swift */,
			);
			path = Components;
			sourceTree = "<group>";
		};
		EEF96E4D2B1F27A1008A66E6 /* Bucket */ = {
			isa = PBXGroup;
			children = (
				EEBF249F2B2B30E600C3BD21 /* Main */,
				EEBF249E2B2B30B600C3BD21 /* Selection */,
				EEBF24A02B2B30EC00C3BD21 /* Dump */,
			);
			path = Bucket;
			sourceTree = "<group>";
		};
		EEF96E502B1F3B24008A66E6 /* Components */ = {
			isa = PBXGroup;
			children = (
				EE0FF9CE2B21411F00D13CB6 /* CameraRepresentable.swift */,
			);
			path = Components;
			sourceTree = "<group>";
		};
		EEF96E542B1F469C008A66E6 /* Components */ = {
			isa = PBXGroup;
			children = (
				EEF96E3C2B1E448D008A66E6 /* HeaderView.swift */,
			);
			path = Components;
			sourceTree = "<group>";
		};
/* End PBXGroup section */

/* Begin PBXNativeTarget section */
		EE0C21832AE861D700668357 /* SmartWaste */ = {
			isa = PBXNativeTarget;
			buildConfigurationList = EE0C21922AE861D900668357 /* Build configuration list for PBXNativeTarget "SmartWaste" */;
			buildPhases = (
				EE0C21802AE861D700668357 /* Sources */,
				EE0C21812AE861D700668357 /* Frameworks */,
				EE0C21822AE861D700668357 /* Resources */,
			);
			buildRules = (
			);
			dependencies = (
			);
			name = SmartWaste;
			packageProductDependencies = (
				EE7A34422AF530A700685408 /* CachedAsyncImage */,
				EEF2F1812AF7CE61009F4677 /* ComposableArchitecture */,
				EEEB8D2B2AF920B6007DEBAE /* Alamofire */,
				EE40B6822B0FDD0A000C07BD /* SkeletonUI */,
				EE5677632B10BDBF00DDE4A0 /* KeychainSwift */,
				EE5677662B11090A00DDE4A0 /* AlertToast */,
				EE5677692B110A6B00DDE4A0 /* Reachability */,
				EE3767F52B112AAA007DFA25 /* TCACoordinators */,
				EEBF24A52B2BBC7B00C3BD21 /* LoadingView */,
			);
			productName = GuideBook;
			productReference = EE0C21842AE861D700668357 /* SmartWaste.app */;
			productType = "com.apple.product-type.application";
		};
/* End PBXNativeTarget section */

/* Begin PBXProject section */
		EE0C217C2AE861D700668357 /* Project object */ = {
			isa = PBXProject;
			attributes = {
				BuildIndependentTargetsInParallel = 1;
				LastSwiftUpdateCheck = 1500;
				LastUpgradeCheck = 1500;
				TargetAttributes = {
					EE0C21832AE861D700668357 = {
						CreatedOnToolsVersion = 15.0.1;
					};
				};
			};
			buildConfigurationList = EE0C217F2AE861D700668357 /* Build configuration list for PBXProject "SmartWaste" */;
			compatibilityVersion = "Xcode 14.0";
			developmentRegion = en;
			hasScannedForEncodings = 0;
			knownRegions = (
				en,
				Base,
			);
			mainGroup = EE0C217B2AE861D700668357;
			packageReferences = (
				EE7A34412AF530A700685408 /* XCRemoteSwiftPackageReference "swiftui-cached-async-image" */,
				EEF2F1802AF7CE61009F4677 /* XCRemoteSwiftPackageReference "swift-composable-architecture" */,
				EEEB8D2A2AF920B6007DEBAE /* XCRemoteSwiftPackageReference "Alamofire" */,
				EE40B6812B0FDD0A000C07BD /* XCRemoteSwiftPackageReference "SkeletonUI" */,
				EE5677622B10BDBF00DDE4A0 /* XCRemoteSwiftPackageReference "keychain-swift" */,
				EE5677652B11090A00DDE4A0 /* XCRemoteSwiftPackageReference "AlertToast" */,
				EE5677682B110A6B00DDE4A0 /* XCRemoteSwiftPackageReference "Reachability" */,
				EE3767F42B112AAA007DFA25 /* XCRemoteSwiftPackageReference "TCACoordinators" */,
				EEBF24A42B2BBC7B00C3BD21 /* XCRemoteSwiftPackageReference "swiftui-loading-view" */,
			);
			productRefGroup = EE0C21852AE861D700668357 /* Products */;
			projectDirPath = "";
			projectRoot = "";
			targets = (
				EE0C21832AE861D700668357 /* SmartWaste */,
			);
		};
/* End PBXProject section */

/* Begin PBXResourcesBuildPhase section */
		EE0C21822AE861D700668357 /* Resources */ = {
			isa = PBXResourcesBuildPhase;
			buildActionMask = 2147483647;
			files = (
				EEF2F1A12AF82BBA009F4677 /* Preview Assets.xcassets in Resources */,
				EEF2F1A22AF82BBA009F4677 /* Assets.xcassets in Resources */,
			);
			runOnlyForDeploymentPostprocessing = 0;
		};
/* End PBXResourcesBuildPhase section */

/* Begin PBXSourcesBuildPhase section */
		EE0C21802AE861D700668357 /* Sources */ = {
			isa = PBXSourcesBuildPhase;
			buildActionMask = 2147483647;
			files = (
				EEE812132B1AAA72006681DA /* ResponseMessage.swift in Sources */,
				EE2809582AF8534100093049 /* AuthTitle.swift in Sources */,
				EEFFBA0C2AF9A7F100238FA0 /* ErrorField.swift in Sources */,
				EEEB8D1C2AF8D40F007DEBAE /* AuthButton.swift in Sources */,
				EE30977A2B1F7E4700B6CBFB /* BucketClient.swift in Sources */,
				EEF2F19D2AF8271F009F4677 /* KeyboardType.swift in Sources */,
				EE7F96E72B15ECC30071A99F /* MapClient.swift in Sources */,
				EEF2F18A2AF7D1BE009F4677 /* AuthFeature.swift in Sources */,
				EEF96E3D2B1E448D008A66E6 /* HeaderView.swift in Sources */,
				EE140B192AFA5221001A4461 /* ProfileCoordinatorView.swift in Sources */,
				EEF2F1942AF823F0009F4677 /* InvalidBorderStyle.swift in Sources */,
				EE3097A62B20888C00B6CBFB /* BucketCategory.swift in Sources */,
				EEF96E0C2B1E2753008A66E6 /* MapScreen.swift in Sources */,
				EE297A2F2B14A5AD006FC0C4 /* ProfileCoordinator.swift in Sources */,
				EEF96E392B1E32ED008A66E6 /* User.swift in Sources */,
				EE2809542AF84F3400093049 /* TitleView.swift in Sources */,
				EEF2F1992AF82415009F4677 /* PasswordField.swift in Sources */,
				EE28095A2AF856A600093049 /* AuthToggleButton.swift in Sources */,
				EEF96E1E2B1E2963008A66E6 /* MapPoint.swift in Sources */,
				EEF96E4C2B1F1CEC008A66E6 /* StatBox.swift in Sources */,
				EEF96E4A2B1E9667008A66E6 /* BucketOption.swift in Sources */,
				EE36E6342B29C52400E3328C /* CameraView.swift in Sources */,
				EEF96E192B1E27EF008A66E6 /* MapCoordinatorView.swift in Sources */,
				EE297A492B14D66C006FC0C4 /* TabsView.swift in Sources */,
				EE9C8E942B2888B1009FC890 /* MapMainView.swift in Sources */,
				EEFFBA0A2AF9A34600238FA0 /* ErrorText.swift in Sources */,
				EEF96E362B1E3013008A66E6 /* BucketMainView.swift in Sources */,
				EE3767FA2B112D48007DFA25 /* SplashFeature.swift in Sources */,
				EE68F4C22B27CC190082EE56 /* CounterView.swift in Sources */,
				EEF96E352B1E3013008A66E6 /* BucketCoordinatorView.swift in Sources */,
				EEF96E3F2B1E5226008A66E6 /* ProfileCard.swift in Sources */,
				EED6B80C2B3C4D2900E91BEE /* BucketListClient.swift in Sources */,
				EE3097AA2B2113D000B6CBFB /* ProfileClient.swift in Sources */,
				EE5677602B10AEDD00DDE4A0 /* Validation.swift in Sources */,
				EEA012DA2AFB7C69004311F3 /* Constants.swift in Sources */,
				EEF6FD4A2B2218CF0052CB40 /* BucketItem.swift in Sources */,
				EE68F4BE2B27CB640082EE56 /* AddFeature.swift in Sources */,
				EE140B1A2AFA5221001A4461 /* ProfileScreen.swift in Sources */,
				EEF2F19B2AF82710009F4677 /* Extensions.swift in Sources */,
				EEF2F1902AF822DF009F4677 /* AuthView.swift in Sources */,
				EE495A6C2B228EAF00E96082 /* ProgressResponse.swift in Sources */,
				EEF96E212B1E29B1008A66E6 /* LocationManager.swift in Sources */,
				EEF6FD4F2B2219ED0052CB40 /* BucketDump.swift in Sources */,
				EE13F5C22B18933C00B0A8CC /* ScaleButtonStyle.swift in Sources */,
				EE3767F32B112A65007DFA25 /* RootCoordinator.swift in Sources */,
				EE297A322B14A905006FC0C4 /* ProfileMain.swift in Sources */,
				EE5AE1A72AF9407E00381B33 /* ErrorTypes.swift in Sources */,
				EEA012BA2AFA8180004311F3 /* RootCoordinatorView.swift in Sources */,
				EE7F96E22B1571B50071A99F /* AuthClient.swift in Sources */,
				EEF96E0E2B1E2759008A66E6 /* MapCoordinator.swift in Sources */,
				EE3097702B1F64F900B6CBFB /* BucketMain.swift in Sources */,
				EE3767F92B112D48007DFA25 /* SplashView.swift in Sources */,
				EE2809562AF852E600093049 /* AuthType.swift in Sources */,
				EED6B80A2B3C498D00E91BEE /* CoreDataManager.swift in Sources */,
				EE7F96E52B15E40B0071A99F /* KeychainClient.swift in Sources */,
				EEF96E462B1E8798008A66E6 /* Quest.swift in Sources */,
				EE9C8E902B2887B3009FC890 /* AnnotationView.swift in Sources */,
				EEF96E322B1E3013008A66E6 /* BucketCoordinator.swift in Sources */,
				EE68F4BD2B27CB640082EE56 /* AddView.swift in Sources */,
				EE36E6352B29C52400E3328C /* CameraFeature.swift in Sources */,
				EEEB8D272AF8EAEA007DEBAE /* SignIn.swift in Sources */,
				EE0C21882AE861D700668357 /* SmartWasteApp.swift in Sources */,
				EEA012BB2AFA8180004311F3 /* RootScreen.swift in Sources */,
				EEF2F1972AF8240E009F4677 /* InputField.swift in Sources */,
				EE2FEF422B2869AF0038233E /* BucketItemView.swift in Sources */,
				EEF96E1C2B1E2919008A66E6 /* MapRepresentable.swift in Sources */,
				EE68F4C32B27CC190082EE56 /* CounterFeature.swift in Sources */,
				EEFFBA082AF99F3F00238FA0 /* RequestError.swift in Sources */,
				EEF2F1A42AF82EC9009F4677 /* InputFieldStyle.swift in Sources */,
				EEEB8D222AF8E5AD007DEBAE /* FailResponse.swift in Sources */,
				EEF96E312B1E3013008A66E6 /* BucketScreen.swift in Sources */,
				EEEB8D292AF8EAFC007DEBAE /* SignUp.swift in Sources */,
				EEEB8D1E2AF8D895007DEBAE /* AuthResponse.swift in Sources */,
				EEF96E1A2B1E27EF008A66E6 /* MapMain.swift in Sources */,
				EE70CBCB2B247677009A2F94 /* MapLink.swift in Sources */,
				EE68F4B92B278C880082EE56 /* Toggleable.swift in Sources */,
				EE9C8E912B2887B3009FC890 /* AnnotationFeature.swift in Sources */,
				EE297A472B14D662006FC0C4 /* TabsFeature.swift in Sources */,
				EE0FF9CF2B21411F00D13CB6 /* CameraRepresentable.swift in Sources */,
				EED6B7FE2B3C3F8600E91BEE /* Bucket.xcdatamodeld in Sources */,
				EE2FEF432B2869AF0038233E /* BucketItemFeature.swift in Sources */,
				EE3097A82B20897700B6CBFB /* BucketOptions.swift in Sources */,
				EEF96E442B1E849E008A66E6 /* QuestView.swift in Sources */,
			);
			runOnlyForDeploymentPostprocessing = 0;
		};
/* End PBXSourcesBuildPhase section */

/* Begin XCBuildConfiguration section */
		EE0C21902AE861D900668357 /* Debug */ = {
			isa = XCBuildConfiguration;
			buildSettings = {
				ALWAYS_SEARCH_USER_PATHS = NO;
				ASSETCATALOG_COMPILER_GENERATE_SWIFT_ASSET_SYMBOL_EXTENSIONS = YES;
				CLANG_ANALYZER_NONNULL = YES;
				CLANG_ANALYZER_NUMBER_OBJECT_CONVERSION = YES_AGGRESSIVE;
				CLANG_CXX_LANGUAGE_STANDARD = "gnu++20";
				CLANG_ENABLE_MODULES = YES;
				CLANG_ENABLE_OBJC_ARC = YES;
				CLANG_ENABLE_OBJC_WEAK = YES;
				CLANG_WARN_BLOCK_CAPTURE_AUTORELEASING = YES;
				CLANG_WARN_BOOL_CONVERSION = YES;
				CLANG_WARN_COMMA = YES;
				CLANG_WARN_CONSTANT_CONVERSION = YES;
				CLANG_WARN_DEPRECATED_OBJC_IMPLEMENTATIONS = YES;
				CLANG_WARN_DIRECT_OBJC_ISA_USAGE = YES_ERROR;
				CLANG_WARN_DOCUMENTATION_COMMENTS = YES;
				CLANG_WARN_EMPTY_BODY = YES;
				CLANG_WARN_ENUM_CONVERSION = YES;
				CLANG_WARN_INFINITE_RECURSION = YES;
				CLANG_WARN_INT_CONVERSION = YES;
				CLANG_WARN_NON_LITERAL_NULL_CONVERSION = YES;
				CLANG_WARN_OBJC_IMPLICIT_RETAIN_SELF = YES;
				CLANG_WARN_OBJC_LITERAL_CONVERSION = YES;
				CLANG_WARN_OBJC_ROOT_CLASS = YES_ERROR;
				CLANG_WARN_QUOTED_INCLUDE_IN_FRAMEWORK_HEADER = YES;
				CLANG_WARN_RANGE_LOOP_ANALYSIS = YES;
				CLANG_WARN_STRICT_PROTOTYPES = YES;
				CLANG_WARN_SUSPICIOUS_MOVE = YES;
				CLANG_WARN_UNGUARDED_AVAILABILITY = YES_AGGRESSIVE;
				CLANG_WARN_UNREACHABLE_CODE = YES;
				CLANG_WARN__DUPLICATE_METHOD_MATCH = YES;
				COPY_PHASE_STRIP = NO;
				DEBUG_INFORMATION_FORMAT = dwarf;
				ENABLE_STRICT_OBJC_MSGSEND = YES;
				ENABLE_TESTABILITY = YES;
				ENABLE_USER_SCRIPT_SANDBOXING = YES;
				GCC_C_LANGUAGE_STANDARD = gnu17;
				GCC_DYNAMIC_NO_PIC = NO;
				GCC_NO_COMMON_BLOCKS = YES;
				GCC_OPTIMIZATION_LEVEL = 0;
				GCC_PREPROCESSOR_DEFINITIONS = (
					"DEBUG=1",
					"$(inherited)",
				);
				GCC_WARN_64_TO_32_BIT_CONVERSION = YES;
				GCC_WARN_ABOUT_RETURN_TYPE = YES_ERROR;
				GCC_WARN_UNDECLARED_SELECTOR = YES;
				GCC_WARN_UNINITIALIZED_AUTOS = YES_AGGRESSIVE;
				GCC_WARN_UNUSED_FUNCTION = YES;
				GCC_WARN_UNUSED_VARIABLE = YES;
				IPHONEOS_DEPLOYMENT_TARGET = 17.0;
				LOCALIZATION_PREFERS_STRING_CATALOGS = YES;
				MTL_ENABLE_DEBUG_INFO = INCLUDE_SOURCE;
				MTL_FAST_MATH = YES;
				ONLY_ACTIVE_ARCH = YES;
				SDKROOT = iphoneos;
				SWIFT_ACTIVE_COMPILATION_CONDITIONS = "DEBUG $(inherited)";
				SWIFT_OPTIMIZATION_LEVEL = "-Onone";
			};
			name = Debug;
		};
		EE0C21912AE861D900668357 /* Release */ = {
			isa = XCBuildConfiguration;
			buildSettings = {
				ALWAYS_SEARCH_USER_PATHS = NO;
				ASSETCATALOG_COMPILER_GENERATE_SWIFT_ASSET_SYMBOL_EXTENSIONS = YES;
				CLANG_ANALYZER_NONNULL = YES;
				CLANG_ANALYZER_NUMBER_OBJECT_CONVERSION = YES_AGGRESSIVE;
				CLANG_CXX_LANGUAGE_STANDARD = "gnu++20";
				CLANG_ENABLE_MODULES = YES;
				CLANG_ENABLE_OBJC_ARC = YES;
				CLANG_ENABLE_OBJC_WEAK = YES;
				CLANG_WARN_BLOCK_CAPTURE_AUTORELEASING = YES;
				CLANG_WARN_BOOL_CONVERSION = YES;
				CLANG_WARN_COMMA = YES;
				CLANG_WARN_CONSTANT_CONVERSION = YES;
				CLANG_WARN_DEPRECATED_OBJC_IMPLEMENTATIONS = YES;
				CLANG_WARN_DIRECT_OBJC_ISA_USAGE = YES_ERROR;
				CLANG_WARN_DOCUMENTATION_COMMENTS = YES;
				CLANG_WARN_EMPTY_BODY = YES;
				CLANG_WARN_ENUM_CONVERSION = YES;
				CLANG_WARN_INFINITE_RECURSION = YES;
				CLANG_WARN_INT_CONVERSION = YES;
				CLANG_WARN_NON_LITERAL_NULL_CONVERSION = YES;
				CLANG_WARN_OBJC_IMPLICIT_RETAIN_SELF = YES;
				CLANG_WARN_OBJC_LITERAL_CONVERSION = YES;
				CLANG_WARN_OBJC_ROOT_CLASS = YES_ERROR;
				CLANG_WARN_QUOTED_INCLUDE_IN_FRAMEWORK_HEADER = YES;
				CLANG_WARN_RANGE_LOOP_ANALYSIS = YES;
				CLANG_WARN_STRICT_PROTOTYPES = YES;
				CLANG_WARN_SUSPICIOUS_MOVE = YES;
				CLANG_WARN_UNGUARDED_AVAILABILITY = YES_AGGRESSIVE;
				CLANG_WARN_UNREACHABLE_CODE = YES;
				CLANG_WARN__DUPLICATE_METHOD_MATCH = YES;
				COPY_PHASE_STRIP = NO;
				DEBUG_INFORMATION_FORMAT = "dwarf-with-dsym";
				ENABLE_NS_ASSERTIONS = NO;
				ENABLE_STRICT_OBJC_MSGSEND = YES;
				ENABLE_USER_SCRIPT_SANDBOXING = YES;
				GCC_C_LANGUAGE_STANDARD = gnu17;
				GCC_NO_COMMON_BLOCKS = YES;
				GCC_WARN_64_TO_32_BIT_CONVERSION = YES;
				GCC_WARN_ABOUT_RETURN_TYPE = YES_ERROR;
				GCC_WARN_UNDECLARED_SELECTOR = YES;
				GCC_WARN_UNINITIALIZED_AUTOS = YES_AGGRESSIVE;
				GCC_WARN_UNUSED_FUNCTION = YES;
				GCC_WARN_UNUSED_VARIABLE = YES;
				IPHONEOS_DEPLOYMENT_TARGET = 17.0;
				LOCALIZATION_PREFERS_STRING_CATALOGS = YES;
				MTL_ENABLE_DEBUG_INFO = NO;
				MTL_FAST_MATH = YES;
				SDKROOT = iphoneos;
				SWIFT_COMPILATION_MODE = wholemodule;
				VALIDATE_PRODUCT = YES;
			};
			name = Release;
		};
		EE0C21932AE861D900668357 /* Debug */ = {
			isa = XCBuildConfiguration;
			buildSettings = {
				ASSETCATALOG_COMPILER_APPICON_NAME = AppIcon;
				ASSETCATALOG_COMPILER_GLOBAL_ACCENT_COLOR_NAME = AccentColor;
				CODE_SIGN_IDENTITY = "Apple Development";
				CODE_SIGN_STYLE = Automatic;
				CURRENT_PROJECT_VERSION = 1;
				DEVELOPMENT_ASSET_PATHS = "\"SmartWaste/Preview Content\"";
				DEVELOPMENT_TEAM = RX5QFP6Q25;
				ENABLE_PREVIEWS = YES;
				GENERATE_INFOPLIST_FILE = YES;
				INFOPLIST_FILE = SmartWaste/Info.plist;
				INFOPLIST_KEY_LSApplicationCategoryType = "";
				INFOPLIST_KEY_NSCameraUsageDescription = "We need access to your camera to capture photos";
				INFOPLIST_KEY_NSLocationWhenInUseUsageDescription = "We need access to your location to validate your ability to dump your bucket";
				INFOPLIST_KEY_UIApplicationSceneManifest_Generation = YES;
				INFOPLIST_KEY_UIApplicationSupportsIndirectInputEvents = YES;
				INFOPLIST_KEY_UILaunchScreen_Generation = YES;
				INFOPLIST_KEY_UISupportedInterfaceOrientations_iPad = "UIInterfaceOrientationPortrait UIInterfaceOrientationPortraitUpsideDown UIInterfaceOrientationLandscapeLeft UIInterfaceOrientationLandscapeRight";
				INFOPLIST_KEY_UISupportedInterfaceOrientations_iPhone = "UIInterfaceOrientationPortrait UIInterfaceOrientationLandscapeLeft UIInterfaceOrientationLandscapeRight";
				IPHONEOS_DEPLOYMENT_TARGET = 16.4;
				LD_RUNPATH_SEARCH_PATHS = (
					"$(inherited)",
					"@executable_path/Frameworks",
				);
				MARKETING_VERSION = 1.0;
				PRODUCT_BUNDLE_IDENTIFIER = com.yegormi.smartwaste;
				PRODUCT_NAME = "$(TARGET_NAME)";
				PROVISIONING_PROFILE_SPECIFIER = "";
				SWIFT_EMIT_LOC_STRINGS = YES;
				SWIFT_VERSION = 5.0;
				TARGETED_DEVICE_FAMILY = "1,2";
			};
			name = Debug;
		};
		EE0C21942AE861D900668357 /* Release */ = {
			isa = XCBuildConfiguration;
			buildSettings = {
				ASSETCATALOG_COMPILER_APPICON_NAME = AppIcon;
				ASSETCATALOG_COMPILER_GLOBAL_ACCENT_COLOR_NAME = AccentColor;
				CODE_SIGN_IDENTITY = "Apple Development";
				CODE_SIGN_STYLE = Automatic;
				CURRENT_PROJECT_VERSION = 1;
				DEVELOPMENT_ASSET_PATHS = "\"SmartWaste/Preview Content\"";
				DEVELOPMENT_TEAM = RX5QFP6Q25;
				ENABLE_PREVIEWS = YES;
				GENERATE_INFOPLIST_FILE = YES;
				INFOPLIST_FILE = SmartWaste/Info.plist;
				INFOPLIST_KEY_LSApplicationCategoryType = "";
				INFOPLIST_KEY_NSCameraUsageDescription = "We need access to your camera to capture photos";
				INFOPLIST_KEY_NSLocationWhenInUseUsageDescription = "We need access to your location to validate your ability to dump your bucket";
				INFOPLIST_KEY_UIApplicationSceneManifest_Generation = YES;
				INFOPLIST_KEY_UIApplicationSupportsIndirectInputEvents = YES;
				INFOPLIST_KEY_UILaunchScreen_Generation = YES;
				INFOPLIST_KEY_UISupportedInterfaceOrientations_iPad = "UIInterfaceOrientationPortrait UIInterfaceOrientationPortraitUpsideDown UIInterfaceOrientationLandscapeLeft UIInterfaceOrientationLandscapeRight";
				INFOPLIST_KEY_UISupportedInterfaceOrientations_iPhone = "UIInterfaceOrientationPortrait UIInterfaceOrientationLandscapeLeft UIInterfaceOrientationLandscapeRight";
				IPHONEOS_DEPLOYMENT_TARGET = 16.4;
				LD_RUNPATH_SEARCH_PATHS = (
					"$(inherited)",
					"@executable_path/Frameworks",
				);
				MARKETING_VERSION = 1.0;
				PRODUCT_BUNDLE_IDENTIFIER = com.yegormi.smartwaste;
				PRODUCT_NAME = "$(TARGET_NAME)";
				PROVISIONING_PROFILE_SPECIFIER = "";
				SWIFT_EMIT_LOC_STRINGS = YES;
				SWIFT_VERSION = 5.0;
				TARGETED_DEVICE_FAMILY = "1,2";
			};
			name = Release;
		};
/* End XCBuildConfiguration section */

/* Begin XCConfigurationList section */
		EE0C217F2AE861D700668357 /* Build configuration list for PBXProject "SmartWaste" */ = {
			isa = XCConfigurationList;
			buildConfigurations = (
				EE0C21902AE861D900668357 /* Debug */,
				EE0C21912AE861D900668357 /* Release */,
			);
			defaultConfigurationIsVisible = 0;
			defaultConfigurationName = Release;
		};
		EE0C21922AE861D900668357 /* Build configuration list for PBXNativeTarget "SmartWaste" */ = {
			isa = XCConfigurationList;
			buildConfigurations = (
				EE0C21932AE861D900668357 /* Debug */,
				EE0C21942AE861D900668357 /* Release */,
			);
			defaultConfigurationIsVisible = 0;
			defaultConfigurationName = Release;
		};
/* End XCConfigurationList section */

/* Begin XCRemoteSwiftPackageReference section */
		EE3767F42B112AAA007DFA25 /* XCRemoteSwiftPackageReference "TCACoordinators" */ = {
			isa = XCRemoteSwiftPackageReference;
			repositoryURL = "https://github.com/johnpatrickmorgan/TCACoordinators";
			requirement = {
				kind = upToNextMajorVersion;
				minimumVersion = 0.6.1;
			};
		};
		EE40B6812B0FDD0A000C07BD /* XCRemoteSwiftPackageReference "SkeletonUI" */ = {
			isa = XCRemoteSwiftPackageReference;
			repositoryURL = "https://github.com/CSolanaM/SkeletonUI";
			requirement = {
				kind = upToNextMajorVersion;
				minimumVersion = 2.0.0;
			};
		};
		EE5677622B10BDBF00DDE4A0 /* XCRemoteSwiftPackageReference "keychain-swift" */ = {
			isa = XCRemoteSwiftPackageReference;
			repositoryURL = "https://github.com/evgenyneu/keychain-swift.git";
			requirement = {
				kind = upToNextMajorVersion;
				minimumVersion = 20.0.0;
			};
		};
		EE5677652B11090A00DDE4A0 /* XCRemoteSwiftPackageReference "AlertToast" */ = {
			isa = XCRemoteSwiftPackageReference;
			repositoryURL = "https://github.com/elai950/AlertToast.git";
			requirement = {
				kind = upToNextMajorVersion;
				minimumVersion = 1.3.9;
			};
		};
		EE5677682B110A6B00DDE4A0 /* XCRemoteSwiftPackageReference "Reachability" */ = {
			isa = XCRemoteSwiftPackageReference;
			repositoryURL = "https://github.com/Alecrim/Reachability";
			requirement = {
				kind = upToNextMajorVersion;
				minimumVersion = 1.2.1;
			};
		};
		EE7A34412AF530A700685408 /* XCRemoteSwiftPackageReference "swiftui-cached-async-image" */ = {
			isa = XCRemoteSwiftPackageReference;
			repositoryURL = "https://github.com/lorenzofiamingo/swiftui-cached-async-image";
			requirement = {
				kind = upToNextMajorVersion;
				minimumVersion = 2.1.1;
			};
		};
		EEBF24A42B2BBC7B00C3BD21 /* XCRemoteSwiftPackageReference "swiftui-loading-view" */ = {
			isa = XCRemoteSwiftPackageReference;
			repositoryURL = "https://github.com/DanielMandea/swiftui-loading-view";
			requirement = {
				kind = upToNextMajorVersion;
				minimumVersion = 1.1.7;
			};
		};
		EEEB8D2A2AF920B6007DEBAE /* XCRemoteSwiftPackageReference "Alamofire" */ = {
			isa = XCRemoteSwiftPackageReference;
			repositoryURL = "https://github.com/Alamofire/Alamofire.git";
			requirement = {
				kind = upToNextMajorVersion;
				minimumVersion = 5.8.1;
			};
		};
		EEF2F1802AF7CE61009F4677 /* XCRemoteSwiftPackageReference "swift-composable-architecture" */ = {
			isa = XCRemoteSwiftPackageReference;
			repositoryURL = "https://github.com/pointfreeco/swift-composable-architecture";
			requirement = {
				kind = upToNextMajorVersion;
				minimumVersion = 1.5.0;
			};
		};
/* End XCRemoteSwiftPackageReference section */

/* Begin XCSwiftPackageProductDependency section */
		EE3767F52B112AAA007DFA25 /* TCACoordinators */ = {
			isa = XCSwiftPackageProductDependency;
			package = EE3767F42B112AAA007DFA25 /* XCRemoteSwiftPackageReference "TCACoordinators" */;
			productName = TCACoordinators;
		};
		EE40B6822B0FDD0A000C07BD /* SkeletonUI */ = {
			isa = XCSwiftPackageProductDependency;
			package = EE40B6812B0FDD0A000C07BD /* XCRemoteSwiftPackageReference "SkeletonUI" */;
			productName = SkeletonUI;
		};
		EE5677632B10BDBF00DDE4A0 /* KeychainSwift */ = {
			isa = XCSwiftPackageProductDependency;
			package = EE5677622B10BDBF00DDE4A0 /* XCRemoteSwiftPackageReference "keychain-swift" */;
			productName = KeychainSwift;
		};
		EE5677662B11090A00DDE4A0 /* AlertToast */ = {
			isa = XCSwiftPackageProductDependency;
			package = EE5677652B11090A00DDE4A0 /* XCRemoteSwiftPackageReference "AlertToast" */;
			productName = AlertToast;
		};
		EE5677692B110A6B00DDE4A0 /* Reachability */ = {
			isa = XCSwiftPackageProductDependency;
			package = EE5677682B110A6B00DDE4A0 /* XCRemoteSwiftPackageReference "Reachability" */;
			productName = Reachability;
		};
		EE7A34422AF530A700685408 /* CachedAsyncImage */ = {
			isa = XCSwiftPackageProductDependency;
			package = EE7A34412AF530A700685408 /* XCRemoteSwiftPackageReference "swiftui-cached-async-image" */;
			productName = CachedAsyncImage;
		};
		EEBF24A52B2BBC7B00C3BD21 /* LoadingView */ = {
			isa = XCSwiftPackageProductDependency;
			package = EEBF24A42B2BBC7B00C3BD21 /* XCRemoteSwiftPackageReference "swiftui-loading-view" */;
			productName = LoadingView;
		};
		EEEB8D2B2AF920B6007DEBAE /* Alamofire */ = {
			isa = XCSwiftPackageProductDependency;
			package = EEEB8D2A2AF920B6007DEBAE /* XCRemoteSwiftPackageReference "Alamofire" */;
			productName = Alamofire;
		};
		EEF2F1812AF7CE61009F4677 /* ComposableArchitecture */ = {
			isa = XCSwiftPackageProductDependency;
			package = EEF2F1802AF7CE61009F4677 /* XCRemoteSwiftPackageReference "swift-composable-architecture" */;
			productName = ComposableArchitecture;
		};
/* End XCSwiftPackageProductDependency section */

/* Begin XCVersionGroup section */
		EED6B7FC2B3C3F8600E91BEE /* Bucket.xcdatamodeld */ = {
			isa = XCVersionGroup;
			children = (
				EED6B7FD2B3C3F8600E91BEE /* Bucket.xcdatamodel */,
			);
			currentVersion = EED6B7FD2B3C3F8600E91BEE /* Bucket.xcdatamodel */;
			path = Bucket.xcdatamodeld;
			sourceTree = "<group>";
			versionGroupType = wrapper.xcdatamodel;
		};
/* End XCVersionGroup section */
	};
	rootObject = EE0C217C2AE861D700668357 /* Project object */;
}
